PODS:
  - RNCryptor (5.1.0)
  - SnapKit (4.0.1)

DEPENDENCIES:
  - RNCryptor (~> 5.1.0)
  - SnapKit (~> 4.0.0)

SPEC REPOS:
  https://github.com/cocoapods/specs.git:
    - RNCryptor
    - SnapKit

SPEC CHECKSUMS:
  RNCryptor: a369134686cd2ad391323cc856b62e591193ba79
  SnapKit: 0de968a9fec17499afa29683b05d0c775b6d1c29

PODFILE CHECKSUM: f11a2ec6f9627eea35a3abe3c6875b77c40fb07e

COCOAPODS: 1.7.5
