PODS:
  - LogSwift (1.8):
    - RNCryptor (~> 5.1.0)
    - SnapKit (~> 4.0.0)
  - RNCryptor (5.1.0)
  - SnapKit (4.0.1)

DEPENDENCIES:
  - LogSwift (from `./`)

SPEC REPOS:
  trunk:
    - RNCryptor
    - SnapKit

EXTERNAL SOURCES:
  LogSwift:
    :path: "./"

SPEC CHECKSUMS:
  LogSwift: ce3e2351c976fe8a382998aa45f6d711d45f73ef
  RNCryptor: a369134686cd2ad391323cc856b62e591193ba79
  SnapKit: 0de968a9fec17499afa29683b05d0c775b6d1c29

PODFILE CHECKSUM: 91720698fe96ad987b9f5d4aabe4ec6fcb099bdb

COCOAPODS: 1.9.1
