// !$*UTF8*$!
{
	archiveVersion = 1;
	classes = {
	};
	objectVersion = 46;
	objects = {

/* Begin PBXBuildFile section */
		08165EEF7F3C7BED1A7EDE30 /* Pods_LogSwiftTests.framework in Frameworks */ = {isa = PBXBuildFile; fileRef = 864D2B0D54C1D9858BF1E4F1 /* Pods_LogSwiftTests.framework */; };
		144B8E1E1E978F9B009969E8 /* DeviceInfoTest.swift in Sources */ = {isa = PBXBuildFile; fileRef = 144B8E1D1E978F9B009969E8 /* DeviceInfoTest.swift */; };
		144B8E201E978FE9009969E8 /* Label+WaterMark.swift in Sources */ = {isa = PBXBuildFile; fileRef = 144B8E1F1E978FE9009969E8 /* Label+WaterMark.swift */; };
		1483B7EE1E825A5A009D8C42 /* PBBLogSDKTests.swift in Sources */ = {isa = PBXBuildFile; fileRef = 1483B7ED1E825A5A009D8C42 /* PBBLogSDKTests.swift */; };
		14E007051DF01A830056CBEF /* LogSwift.framework in Frameworks */ = {isa = PBXBuildFile; fileRef = 14E006FB1DF01A820056CBEF /* LogSwift.framework */; };
		14E0070C1DF01A830056CBEF /* LogSwift.h in Headers */ = {isa = PBXBuildFile; fileRef = 14E006FE1DF01A830056CBEF /* LogSwift.h */; settings = {ATTRIBUTES = (Public, ); }; };
		14E007381DF01E940056CBEF /* PbbEnum.swift in Sources */ = {isa = PBXBuildFile; fileRef = 14E007311DF01E940056CBEF /* PbbEnum.swift */; };
		14E007391DF01E940056CBEF /* PBBLogModel.swift in Sources */ = {isa = PBXBuildFile; fileRef = 14E007321DF01E940056CBEF /* PBBLogModel.swift */; };
		14E0073A1DF01E940056CBEF /* PBBLogAPI.swift in Sources */ = {isa = PBXBuildFile; fileRef = 14E007331DF01E940056CBEF /* PBBLogAPI.swift */; };
		14E0073B1DF01E940056CBEF /* PBBLogClient.swift in Sources */ = {isa = PBXBuildFile; fileRef = 14E007341DF01E940056CBEF /* PBBLogClient.swift */; };
		14E0073C1DF01E940056CBEF /* ConvertToDictionary.swift in Sources */ = {isa = PBXBuildFile; fileRef = 14E007361DF01E940056CBEF /* ConvertToDictionary.swift */; };
		14E0073D1DF01E940056CBEF /* DeviceUtil.swift in Sources */ = {isa = PBXBuildFile; fileRef = 14E007371DF01E940056CBEF /* DeviceUtil.swift */; };
		14E0073F1DF01F2E0056CBEF /* LogSwift.podspec in Resources */ = {isa = PBXBuildFile; fileRef = 14E0073E1DF01F2E0056CBEF /* LogSwift.podspec */; };
		14E007441DF12FBF0056CBEF /* readme.md in Sources */ = {isa = PBXBuildFile; fileRef = 14E007431DF12FBF0056CBEF /* readme.md */; };
		844A66F01DF06F7E00E4E123 /* Info.plist in Resources */ = {isa = PBXBuildFile; fileRef = 14E006FF1DF01A830056CBEF /* Info.plist */; };
		844A66F11DF0731700E4E123 /* LogSwiftTests.swift in Sources */ = {isa = PBXBuildFile; fileRef = 14E007091DF01A830056CBEF /* LogSwiftTests.swift */; };
		844A66F21DF073E400E4E123 /* Info.plist in Resources */ = {isa = PBXBuildFile; fileRef = 14E0070B1DF01A830056CBEF /* Info.plist */; };
		844A66FA1DF07B6700E4E123 /* PbbEnum.swift in Sources */ = {isa = PBXBuildFile; fileRef = 14E007311DF01E940056CBEF /* PbbEnum.swift */; };
		844A66FB1DF07B6700E4E123 /* PBBLogModel.swift in Sources */ = {isa = PBXBuildFile; fileRef = 14E007321DF01E940056CBEF /* PBBLogModel.swift */; };
		844A66FC1DF07B6700E4E123 /* ConvertToDictionary.swift in Sources */ = {isa = PBXBuildFile; fileRef = 14E007361DF01E940056CBEF /* ConvertToDictionary.swift */; };
		844A66FD1DF07B6700E4E123 /* PBBLogClient.swift in Sources */ = {isa = PBXBuildFile; fileRef = 14E007341DF01E940056CBEF /* PBBLogClient.swift */; };
		844A66FE1DF07B6700E4E123 /* PBBLogAPI.swift in Sources */ = {isa = PBXBuildFile; fileRef = 14E007331DF01E940056CBEF /* PBBLogAPI.swift */; };
		844A66FF1DF07B6700E4E123 /* DeviceUtil.swift in Sources */ = {isa = PBXBuildFile; fileRef = 14E007371DF01E940056CBEF /* DeviceUtil.swift */; };
		844A67031DF07B6700E4E123 /* LogSwift.h in Headers */ = {isa = PBXBuildFile; fileRef = 14E006FE1DF01A830056CBEF /* LogSwift.h */; settings = {ATTRIBUTES = (Public, ); }; };
		844A67051DF07B6700E4E123 /* Info.plist in Resources */ = {isa = PBXBuildFile; fileRef = 14E006FF1DF01A830056CBEF /* Info.plist */; };
		844A67061DF07B6700E4E123 /* LogSwift.podspec in Resources */ = {isa = PBXBuildFile; fileRef = 14E0073E1DF01F2E0056CBEF /* LogSwift.podspec */; };
		844A67071DF07B6700E4E123 /* Info.plist in Resources */ = {isa = PBXBuildFile; fileRef = 14E0070B1DF01A830056CBEF /* Info.plist */; };
		CEBAFD5D0BC5EEB95025D686 /* Pods_LogSwiftForOSX.framework in Frameworks */ = {isa = PBXBuildFile; fileRef = C1D7AED011852AA44EFDC295 /* Pods_LogSwiftForOSX.framework */; };
		E29DB3E15BA2B198802DD65C /* Pods_LogSwift.framework in Frameworks */ = {isa = PBXBuildFile; fileRef = 8DAEFFD61A822048A8632C44 /* Pods_LogSwift.framework */; };
/* End PBXBuildFile section */

/* Begin PBXContainerItemProxy section */
		14E007061DF01A830056CBEF /* PBXContainerItemProxy */ = {
			isa = PBXContainerItemProxy;
			containerPortal = 14E006F21DF01A820056CBEF /* Project object */;
			proxyType = 1;
			remoteGlobalIDString = 14E006FA1DF01A820056CBEF;
			remoteInfo = LogSwift;
		};
/* End PBXContainerItemProxy section */

/* Begin PBXFileReference section */
		144B8E1D1E978F9B009969E8 /* DeviceInfoTest.swift */ = {isa = PBXFileReference; fileEncoding = 4; lastKnownFileType = sourcecode.swift; path = DeviceInfoTest.swift; sourceTree = "<group>"; };
		144B8E1F1E978FE9009969E8 /* Label+WaterMark.swift */ = {isa = PBXFileReference; fileEncoding = 4; lastKnownFileType = sourcecode.swift; path = "Label+WaterMark.swift"; sourceTree = "<group>"; };
		1483B7ED1E825A5A009D8C42 /* PBBLogSDKTests.swift */ = {isa = PBXFileReference; fileEncoding = 4; lastKnownFileType = sourcecode.swift; path = PBBLogSDKTests.swift; sourceTree = "<group>"; };
		14E006FB1DF01A820056CBEF /* LogSwift.framework */ = {isa = PBXFileReference; explicitFileType = wrapper.framework; includeInIndex = 0; path = LogSwift.framework; sourceTree = BUILT_PRODUCTS_DIR; };
		14E006FE1DF01A830056CBEF /* LogSwift.h */ = {isa = PBXFileReference; lastKnownFileType = sourcecode.c.h; path = LogSwift.h; sourceTree = "<group>"; };
		14E006FF1DF01A830056CBEF /* Info.plist */ = {isa = PBXFileReference; lastKnownFileType = text.plist.xml; path = Info.plist; sourceTree = "<group>"; };
		14E007041DF01A830056CBEF /* LogSwiftTests.xctest */ = {isa = PBXFileReference; explicitFileType = wrapper.cfbundle; includeInIndex = 0; path = LogSwiftTests.xctest; sourceTree = BUILT_PRODUCTS_DIR; };
		14E007091DF01A830056CBEF /* LogSwiftTests.swift */ = {isa = PBXFileReference; lastKnownFileType = sourcecode.swift; path = LogSwiftTests.swift; sourceTree = "<group>"; };
		14E0070B1DF01A830056CBEF /* Info.plist */ = {isa = PBXFileReference; lastKnownFileType = text.plist.xml; path = Info.plist; sourceTree = "<group>"; };
		14E007311DF01E940056CBEF /* PbbEnum.swift */ = {isa = PBXFileReference; fileEncoding = 4; lastKnownFileType = sourcecode.swift; path = PbbEnum.swift; sourceTree = "<group>"; };
		14E007321DF01E940056CBEF /* PBBLogModel.swift */ = {isa = PBXFileReference; fileEncoding = 4; lastKnownFileType = sourcecode.swift; path = PBBLogModel.swift; sourceTree = "<group>"; };
		14E007331DF01E940056CBEF /* PBBLogAPI.swift */ = {isa = PBXFileReference; fileEncoding = 4; lastKnownFileType = sourcecode.swift; path = PBBLogAPI.swift; sourceTree = "<group>"; };
		14E007341DF01E940056CBEF /* PBBLogClient.swift */ = {isa = PBXFileReference; fileEncoding = 4; lastKnownFileType = sourcecode.swift; path = PBBLogClient.swift; sourceTree = "<group>"; };
		14E007361DF01E940056CBEF /* ConvertToDictionary.swift */ = {isa = PBXFileReference; fileEncoding = 4; lastKnownFileType = sourcecode.swift; path = ConvertToDictionary.swift; sourceTree = "<group>"; };
		14E007371DF01E940056CBEF /* DeviceUtil.swift */ = {isa = PBXFileReference; fileEncoding = 4; lastKnownFileType = sourcecode.swift; path = DeviceUtil.swift; sourceTree = "<group>"; };
		14E0073E1DF01F2E0056CBEF /* LogSwift.podspec */ = {isa = PBXFileReference; explicitFileType = text.script.ruby; fileEncoding = 4; path = LogSwift.podspec; sourceTree = SOURCE_ROOT; };
		14E007431DF12FBF0056CBEF /* readme.md */ = {isa = PBXFileReference; fileEncoding = 4; lastKnownFileType = net.daringfireball.markdown; path = readme.md; sourceTree = "<group>"; };
		72D4DE67AF8D8498D35E546D /* Pods-LogSwiftTests.debug.xcconfig */ = {isa = PBXFileReference; includeInIndex = 1; lastKnownFileType = text.xcconfig; name = "Pods-LogSwiftTests.debug.xcconfig"; path = "Pods/Target Support Files/Pods-LogSwiftTests/Pods-LogSwiftTests.debug.xcconfig"; sourceTree = "<group>"; };
		7923084CE42E91CF25275DB0 /* Pods-LogSwiftForOSX.release.xcconfig */ = {isa = PBXFileReference; includeInIndex = 1; lastKnownFileType = text.xcconfig; name = "Pods-LogSwiftForOSX.release.xcconfig"; path = "Pods/Target Support Files/Pods-LogSwiftForOSX/Pods-LogSwiftForOSX.release.xcconfig"; sourceTree = "<group>"; };
		844A670C1DF07B6700E4E123 /* LogSwiftForOSX.framework */ = {isa = PBXFileReference; explicitFileType = wrapper.framework; includeInIndex = 0; path = LogSwiftForOSX.framework; sourceTree = BUILT_PRODUCTS_DIR; };
		844A670D1DF07B6800E4E123 /* LogSwift copy-Info.plist */ = {isa = PBXFileReference; lastKnownFileType = text.plist.xml; name = "LogSwift copy-Info.plist"; path = "/Users/admin/LogSwift/LogSwift copy-Info.plist"; sourceTree = "<absolute>"; };
		844A670E1DF07E2300E4E123 /* RNCryptor.framework */ = {isa = PBXFileReference; lastKnownFileType = wrapper.framework; name = RNCryptor.framework; path = "Pods/../build/Debug-iphoneos/RNCryptor/RNCryptor.framework"; sourceTree = "<group>"; };
		864D2B0D54C1D9858BF1E4F1 /* Pods_LogSwiftTests.framework */ = {isa = PBXFileReference; explicitFileType = wrapper.framework; includeInIndex = 0; path = Pods_LogSwiftTests.framework; sourceTree = BUILT_PRODUCTS_DIR; };
		870A2799C82F5FB3729913B6 /* Pods-LogSwift.debug.xcconfig */ = {isa = PBXFileReference; includeInIndex = 1; lastKnownFileType = text.xcconfig; name = "Pods-LogSwift.debug.xcconfig"; path = "Pods/Target Support Files/Pods-LogSwift/Pods-LogSwift.debug.xcconfig"; sourceTree = "<group>"; };
		8DAEFFD61A822048A8632C44 /* Pods_LogSwift.framework */ = {isa = PBXFileReference; explicitFileType = wrapper.framework; includeInIndex = 0; path = Pods_LogSwift.framework; sourceTree = BUILT_PRODUCTS_DIR; };
		8ED16CBDB09E0087535FEE0E /* Pods-LogSwiftForOSX.debug.xcconfig */ = {isa = PBXFileReference; includeInIndex = 1; lastKnownFileType = text.xcconfig; name = "Pods-LogSwiftForOSX.debug.xcconfig"; path = "Pods/Target Support Files/Pods-LogSwiftForOSX/Pods-LogSwiftForOSX.debug.xcconfig"; sourceTree = "<group>"; };
		8ED27F78B91BB4452A8152E2 /* Pods-LogSwiftTests.release.xcconfig */ = {isa = PBXFileReference; includeInIndex = 1; lastKnownFileType = text.xcconfig; name = "Pods-LogSwiftTests.release.xcconfig"; path = "Pods/Target Support Files/Pods-LogSwiftTests/Pods-LogSwiftTests.release.xcconfig"; sourceTree = "<group>"; };
		C1D7AED011852AA44EFDC295 /* Pods_LogSwiftForOSX.framework */ = {isa = PBXFileReference; explicitFileType = wrapper.framework; includeInIndex = 0; path = Pods_LogSwiftForOSX.framework; sourceTree = BUILT_PRODUCTS_DIR; };
		E2B49D6E833BE559CC8967B0 /* Pods-LogSwift.release.xcconfig */ = {isa = PBXFileReference; includeInIndex = 1; lastKnownFileType = text.xcconfig; name = "Pods-LogSwift.release.xcconfig"; path = "Pods/Target Support Files/Pods-LogSwift/Pods-LogSwift.release.xcconfig"; sourceTree = "<group>"; };
/* End PBXFileReference section */

/* Begin PBXFrameworksBuildPhase section */
		14E006F71DF01A820056CBEF /* Frameworks */ = {
			isa = PBXFrameworksBuildPhase;
			buildActionMask = 2147483647;
			files = (
				E29DB3E15BA2B198802DD65C /* Pods_LogSwift.framework in Frameworks */,
			);
			runOnlyForDeploymentPostprocessing = 0;
		};
		14E007011DF01A830056CBEF /* Frameworks */ = {
			isa = PBXFrameworksBuildPhase;
			buildActionMask = 2147483647;
			files = (
				14E007051DF01A830056CBEF /* LogSwift.framework in Frameworks */,
				08165EEF7F3C7BED1A7EDE30 /* Pods_LogSwiftTests.framework in Frameworks */,
			);
			runOnlyForDeploymentPostprocessing = 0;
		};
		844A67001DF07B6700E4E123 /* Frameworks */ = {
			isa = PBXFrameworksBuildPhase;
			buildActionMask = 2147483647;
			files = (
				CEBAFD5D0BC5EEB95025D686 /* Pods_LogSwiftForOSX.framework in Frameworks */,
			);
			runOnlyForDeploymentPostprocessing = 0;
		};
/* End PBXFrameworksBuildPhase section */

/* Begin PBXGroup section */
		09D06E7D45823D9CDB1216B1 /* Pods */ = {
			isa = PBXGroup;
			children = (
				870A2799C82F5FB3729913B6 /* Pods-LogSwift.debug.xcconfig */,
				E2B49D6E833BE559CC8967B0 /* Pods-LogSwift.release.xcconfig */,
				72D4DE67AF8D8498D35E546D /* Pods-LogSwiftTests.debug.xcconfig */,
				8ED27F78B91BB4452A8152E2 /* Pods-LogSwiftTests.release.xcconfig */,
				8ED16CBDB09E0087535FEE0E /* Pods-LogSwiftForOSX.debug.xcconfig */,
				7923084CE42E91CF25275DB0 /* Pods-LogSwiftForOSX.release.xcconfig */,
			);
			name = Pods;
			sourceTree = "<group>";
		};
		14E006F11DF01A820056CBEF = {
			isa = PBXGroup;
			children = (
				14E006FD1DF01A830056CBEF /* LogSwift */,
				14E007081DF01A830056CBEF /* LogSwiftTests */,
				14E006FC1DF01A820056CBEF /* Products */,
				09D06E7D45823D9CDB1216B1 /* Pods */,
				7FAFD7A48CD87DF7124B96C9 /* Frameworks */,
				844A670D1DF07B6800E4E123 /* LogSwift copy-Info.plist */,
			);
			sourceTree = "<group>";
		};
		14E006FC1DF01A820056CBEF /* Products */ = {
			isa = PBXGroup;
			children = (
				14E006FB1DF01A820056CBEF /* LogSwift.framework */,
				14E007041DF01A830056CBEF /* LogSwiftTests.xctest */,
				844A670C1DF07B6700E4E123 /* LogSwiftForOSX.framework */,
			);
			name = Products;
			sourceTree = "<group>";
		};
		14E006FD1DF01A830056CBEF /* LogSwift */ = {
			isa = PBXGroup;
			children = (
				14E0073E1DF01F2E0056CBEF /* LogSwift.podspec */,
				14E007431DF12FBF0056CBEF /* readme.md */,
				14E007301DF01E940056CBEF /* model */,
				14E007331DF01E940056CBEF /* PBBLogAPI.swift */,
				14E007341DF01E940056CBEF /* PBBLogClient.swift */,
				14E007351DF01E940056CBEF /* util */,
				14E006FE1DF01A830056CBEF /* LogSwift.h */,
				14E006FF1DF01A830056CBEF /* Info.plist */,
			);
			path = LogSwift;
			sourceTree = "<group>";
		};
		14E007081DF01A830056CBEF /* LogSwiftTests */ = {
			isa = PBXGroup;
			children = (
				14E007091DF01A830056CBEF /* LogSwiftTests.swift */,
				1483B7ED1E825A5A009D8C42 /* PBBLogSDKTests.swift */,
				144B8E1D1E978F9B009969E8 /* DeviceInfoTest.swift */,
				14E0070B1DF01A830056CBEF /* Info.plist */,
			);
			path = LogSwiftTests;
			sourceTree = "<group>";
		};
		14E007301DF01E940056CBEF /* model */ = {
			isa = PBXGroup;
			children = (
				14E007311DF01E940056CBEF /* PbbEnum.swift */,
				14E007321DF01E940056CBEF /* PBBLogModel.swift */,
			);
			path = model;
			sourceTree = "<group>";
		};
		14E007351DF01E940056CBEF /* util */ = {
			isa = PBXGroup;
			children = (
				14E007361DF01E940056CBEF /* ConvertToDictionary.swift */,
				14E007371DF01E940056CBEF /* DeviceUtil.swift */,
				144B8E1F1E978FE9009969E8 /* Label+WaterMark.swift */,
			);
			path = util;
			sourceTree = "<group>";
		};
		7FAFD7A48CD87DF7124B96C9 /* Frameworks */ = {
			isa = PBXGroup;
			children = (
				844A670E1DF07E2300E4E123 /* RNCryptor.framework */,
				8DAEFFD61A822048A8632C44 /* Pods_LogSwift.framework */,
				864D2B0D54C1D9858BF1E4F1 /* Pods_LogSwiftTests.framework */,
				C1D7AED011852AA44EFDC295 /* Pods_LogSwiftForOSX.framework */,
			);
			name = Frameworks;
			sourceTree = "<group>";
		};
/* End PBXGroup section */

/* Begin PBXHeadersBuildPhase section */
		14E006F81DF01A820056CBEF /* Headers */ = {
			isa = PBXHeadersBuildPhase;
			buildActionMask = 2147483647;
			files = (
				14E0070C1DF01A830056CBEF /* LogSwift.h in Headers */,
			);
			runOnlyForDeploymentPostprocessing = 0;
		};
		844A67021DF07B6700E4E123 /* Headers */ = {
			isa = PBXHeadersBuildPhase;
			buildActionMask = 2147483647;
			files = (
				844A67031DF07B6700E4E123 /* LogSwift.h in Headers */,
			);
			runOnlyForDeploymentPostprocessing = 0;
		};
/* End PBXHeadersBuildPhase section */

/* Begin PBXNativeTarget section */
		14E006FA1DF01A820056CBEF /* LogSwift */ = {
			isa = PBXNativeTarget;
			buildConfigurationList = 14E0070F1DF01A830056CBEF /* Build configuration list for PBXNativeTarget "LogSwift" */;
			buildPhases = (
				8F4A5A6F20F289EB7E8263C0 /* [CP] Check Pods Manifest.lock */,
				14E006F61DF01A820056CBEF /* Sources */,
				14E006F71DF01A820056CBEF /* Frameworks */,
				14E006F81DF01A820056CBEF /* Headers */,
				14E006F91DF01A820056CBEF /* Resources */,
				FF8B9DEE561E9CBD20A81ECE /* [CP] Copy Pods Resources */,
			);
			buildRules = (
			);
			dependencies = (
			);
			name = LogSwift;
			productName = LogSwift;
			productReference = 14E006FB1DF01A820056CBEF /* LogSwift.framework */;
			productType = "com.apple.product-type.framework";
		};
		14E007031DF01A830056CBEF /* LogSwiftTests */ = {
			isa = PBXNativeTarget;
			buildConfigurationList = 14E007121DF01A830056CBEF /* Build configuration list for PBXNativeTarget "LogSwiftTests" */;
			buildPhases = (
				7C1030E66819955F2E33D7C1 /* [CP] Check Pods Manifest.lock */,
				14E007001DF01A830056CBEF /* Sources */,
				14E007011DF01A830056CBEF /* Frameworks */,
				14E007021DF01A830056CBEF /* Resources */,
				7EC83970163B8B9F55FD61A5 /* [CP] Embed Pods Frameworks */,
				F74454DA0EA6F2D0C5D6EAD1 /* [CP] Copy Pods Resources */,
			);
			buildRules = (
			);
			dependencies = (
				14E007071DF01A830056CBEF /* PBXTargetDependency */,
			);
			name = LogSwiftTests;
			productName = LogSwiftTests;
			productReference = 14E007041DF01A830056CBEF /* LogSwiftTests.xctest */;
			productType = "com.apple.product-type.bundle.unit-test";
		};
		844A66F71DF07B6700E4E123 /* LogSwiftForOSX */ = {
			isa = PBXNativeTarget;
			buildConfigurationList = 844A67091DF07B6700E4E123 /* Build configuration list for PBXNativeTarget "LogSwiftForOSX" */;
			buildPhases = (
				DE0BCECE9FA2BED84A223DB2 /* [CP] Check Pods Manifest.lock */,
				844A66F91DF07B6700E4E123 /* Sources */,
				844A67001DF07B6700E4E123 /* Frameworks */,
				844A67021DF07B6700E4E123 /* Headers */,
				844A67041DF07B6700E4E123 /* Resources */,
				5BBADBC78702031AE027D464 /* [CP] Copy Pods Resources */,
			);
			buildRules = (
			);
			dependencies = (
			);
			name = LogSwiftForOSX;
			productName = LogSwift;
			productReference = 844A670C1DF07B6700E4E123 /* LogSwiftForOSX.framework */;
			productType = "com.apple.product-type.framework";
		};
/* End PBXNativeTarget section */

/* Begin PBXProject section */
		14E006F21DF01A820056CBEF /* Project object */ = {
			isa = PBXProject;
			attributes = {
				LastSwiftUpdateCheck = 0810;
				LastUpgradeCheck = 0810;
				ORGANIZATIONNAME = PBBReader;
				TargetAttributes = {
					14E006FA1DF01A820056CBEF = {
						CreatedOnToolsVersion = 8.1;
						DevelopmentTeam = FA78T6VRG8;
						LastSwiftMigration = 0810;
						ProvisioningStyle = Automatic;
					};
					14E007031DF01A830056CBEF = {
						CreatedOnToolsVersion = 8.1;
						DevelopmentTeam = FA78T6VRG8;
						ProvisioningStyle = Automatic;
					};
					844A66F71DF07B6700E4E123 = {
						DevelopmentTeam = FA78T6VRG8;
					};
				};
			};
			buildConfigurationList = 14E006F51DF01A820056CBEF /* Build configuration list for PBXProject "LogSwift" */;
			compatibilityVersion = "Xcode 3.2";
			developmentRegion = English;
			hasScannedForEncodings = 0;
			knownRegions = (
				en,
			);
			mainGroup = 14E006F11DF01A820056CBEF;
			productRefGroup = 14E006FC1DF01A820056CBEF /* Products */;
			projectDirPath = "";
			projectRoot = "";
			targets = (
				14E006FA1DF01A820056CBEF /* LogSwift */,
				844A66F71DF07B6700E4E123 /* LogSwiftForOSX */,
				14E007031DF01A830056CBEF /* LogSwiftTests */,
			);
		};
/* End PBXProject section */

/* Begin PBXResourcesBuildPhase section */
		14E006F91DF01A820056CBEF /* Resources */ = {
			isa = PBXResourcesBuildPhase;
			buildActionMask = 2147483647;
			files = (
				844A66F01DF06F7E00E4E123 /* Info.plist in Resources */,
				14E0073F1DF01F2E0056CBEF /* LogSwift.podspec in Resources */,
				844A66F21DF073E400E4E123 /* Info.plist in Resources */,
			);
			runOnlyForDeploymentPostprocessing = 0;
		};
		14E007021DF01A830056CBEF /* Resources */ = {
			isa = PBXResourcesBuildPhase;
			buildActionMask = 2147483647;
			files = (
			);
			runOnlyForDeploymentPostprocessing = 0;
		};
		844A67041DF07B6700E4E123 /* Resources */ = {
			isa = PBXResourcesBuildPhase;
			buildActionMask = 2147483647;
			files = (
				844A67051DF07B6700E4E123 /* Info.plist in Resources */,
				844A67061DF07B6700E4E123 /* LogSwift.podspec in Resources */,
				844A67071DF07B6700E4E123 /* Info.plist in Resources */,
			);
			runOnlyForDeploymentPostprocessing = 0;
		};
/* End PBXResourcesBuildPhase section */

/* Begin PBXShellScriptBuildPhase section */
		5BBADBC78702031AE027D464 /* [CP] Copy Pods Resources */ = {
			isa = PBXShellScriptBuildPhase;
			buildActionMask = 2147483647;
			files = (
			);
			inputPaths = (
			);
			name = "[CP] Copy Pods Resources";
			outputPaths = (
			);
			runOnlyForDeploymentPostprocessing = 0;
			shellPath = /bin/sh;
			shellScript = "\"${SRCROOT}/Pods/Target Support Files/Pods-LogSwiftForOSX/Pods-LogSwiftForOSX-resources.sh\"\n";
			showEnvVarsInLog = 0;
		};
		7C1030E66819955F2E33D7C1 /* [CP] Check Pods Manifest.lock */ = {
			isa = PBXShellScriptBuildPhase;
			buildActionMask = 2147483647;
			files = (
			);
			inputPaths = (
			);
			name = "[CP] Check Pods Manifest.lock";
			outputPaths = (
			);
			runOnlyForDeploymentPostprocessing = 0;
			shellPath = /bin/sh;
			shellScript = "diff \"${PODS_ROOT}/../Podfile.lock\" \"${PODS_ROOT}/Manifest.lock\" > /dev/null\nif [ $? != 0 ] ; then\n    # print error to STDERR\n    echo \"error: The sandbox is not in sync with the Podfile.lock. Run 'pod install' or update your CocoaPods installation.\" >&2\n    exit 1\nfi\n";
			showEnvVarsInLog = 0;
		};
		7EC83970163B8B9F55FD61A5 /* [CP] Embed Pods Frameworks */ = {
			isa = PBXShellScriptBuildPhase;
			buildActionMask = 2147483647;
			files = (
			);
			inputPaths = (
			);
			name = "[CP] Embed Pods Frameworks";
			outputPaths = (
			);
			runOnlyForDeploymentPostprocessing = 0;
			shellPath = /bin/sh;
			shellScript = "\"${SRCROOT}/Pods/Target Support Files/Pods-LogSwiftTests/Pods-LogSwiftTests-frameworks.sh\"\n";
			showEnvVarsInLog = 0;
		};
		8F4A5A6F20F289EB7E8263C0 /* [CP] Check Pods Manifest.lock */ = {
			isa = PBXShellScriptBuildPhase;
			buildActionMask = 2147483647;
			files = (
			);
			inputPaths = (
			);
			name = "[CP] Check Pods Manifest.lock";
			outputPaths = (
			);
			runOnlyForDeploymentPostprocessing = 0;
			shellPath = /bin/sh;
			shellScript = "diff \"${PODS_ROOT}/../Podfile.lock\" \"${PODS_ROOT}/Manifest.lock\" > /dev/null\nif [ $? != 0 ] ; then\n    # print error to STDERR\n    echo \"error: The sandbox is not in sync with the Podfile.lock. Run 'pod install' or update your CocoaPods installation.\" >&2\n    exit 1\nfi\n";
			showEnvVarsInLog = 0;
		};
		DE0BCECE9FA2BED84A223DB2 /* [CP] Check Pods Manifest.lock */ = {
			isa = PBXShellScriptBuildPhase;
			buildActionMask = 2147483647;
			files = (
			);
			inputPaths = (
			);
			name = "[CP] Check Pods Manifest.lock";
			outputPaths = (
			);
			runOnlyForDeploymentPostprocessing = 0;
			shellPath = /bin/sh;
			shellScript = "diff \"${PODS_ROOT}/../Podfile.lock\" \"${PODS_ROOT}/Manifest.lock\" > /dev/null\nif [ $? != 0 ] ; then\n    # print error to STDERR\n    echo \"error: The sandbox is not in sync with the Podfile.lock. Run 'pod install' or update your CocoaPods installation.\" >&2\n    exit 1\nfi\n";
			showEnvVarsInLog = 0;
		};
		F74454DA0EA6F2D0C5D6EAD1 /* [CP] Copy Pods Resources */ = {
			isa = PBXShellScriptBuildPhase;
			buildActionMask = 2147483647;
			files = (
			);
			inputPaths = (
			);
			name = "[CP] Copy Pods Resources";
			outputPaths = (
			);
			runOnlyForDeploymentPostprocessing = 0;
			shellPath = /bin/sh;
			shellScript = "\"${SRCROOT}/Pods/Target Support Files/Pods-LogSwiftTests/Pods-LogSwiftTests-resources.sh\"\n";
			showEnvVarsInLog = 0;
		};
		FF8B9DEE561E9CBD20A81ECE /* [CP] Copy Pods Resources */ = {
			isa = PBXShellScriptBuildPhase;
			buildActionMask = 2147483647;
			files = (
			);
			inputPaths = (
			);
			name = "[CP] Copy Pods Resources";
			outputPaths = (
			);
			runOnlyForDeploymentPostprocessing = 0;
			shellPath = /bin/sh;
			shellScript = "\"${SRCROOT}/Pods/Target Support Files/Pods-LogSwift/Pods-LogSwift-resources.sh\"\n";
			showEnvVarsInLog = 0;
		};
/* End PBXShellScriptBuildPhase section */

/* Begin PBXSourcesBuildPhase section */
		14E006F61DF01A820056CBEF /* Sources */ = {
			isa = PBXSourcesBuildPhase;
			buildActionMask = 2147483647;
			files = (
				14E007381DF01E940056CBEF /* PbbEnum.swift in Sources */,
				144B8E201E978FE9009969E8 /* Label+WaterMark.swift in Sources */,
				14E007391DF01E940056CBEF /* PBBLogModel.swift in Sources */,
				14E0073C1DF01E940056CBEF /* ConvertToDictionary.swift in Sources */,
				14E0073B1DF01E940056CBEF /* PBBLogClient.swift in Sources */,
				14E007441DF12FBF0056CBEF /* readme.md in Sources */,
				14E0073A1DF01E940056CBEF /* PBBLogAPI.swift in Sources */,
				14E0073D1DF01E940056CBEF /* DeviceUtil.swift in Sources */,
			);
			runOnlyForDeploymentPostprocessing = 0;
		};
		14E007001DF01A830056CBEF /* Sources */ = {
			isa = PBXSourcesBuildPhase;
			buildActionMask = 2147483647;
			files = (
				1483B7EE1E825A5A009D8C42 /* PBBLogSDKTests.swift in Sources */,
				844A66F11DF0731700E4E123 /* LogSwiftTests.swift in Sources */,
				144B8E1E1E978F9B009969E8 /* DeviceInfoTest.swift in Sources */,
			);
			runOnlyForDeploymentPostprocessing = 0;
		};
		844A66F91DF07B6700E4E123 /* Sources */ = {
			isa = PBXSourcesBuildPhase;
			buildActionMask = 2147483647;
			files = (
				844A66FA1DF07B6700E4E123 /* PbbEnum.swift in Sources */,
				844A66FB1DF07B6700E4E123 /* PBBLogModel.swift in Sources */,
				844A66FC1DF07B6700E4E123 /* ConvertToDictionary.swift in Sources */,
				844A66FD1DF07B6700E4E123 /* PBBLogClient.swift in Sources */,
				844A66FE1DF07B6700E4E123 /* PBBLogAPI.swift in Sources */,
				844A66FF1DF07B6700E4E123 /* DeviceUtil.swift in Sources */,
			);
			runOnlyForDeploymentPostprocessing = 0;
		};
/* End PBXSourcesBuildPhase section */

/* Begin PBXTargetDependency section */
		14E007071DF01A830056CBEF /* PBXTargetDependency */ = {
			isa = PBXTargetDependency;
			target = 14E006FA1DF01A820056CBEF /* LogSwift */;
			targetProxy = 14E007061DF01A830056CBEF /* PBXContainerItemProxy */;
		};
/* End PBXTargetDependency section */

/* Begin XCBuildConfiguration section */
		14E0070D1DF01A830056CBEF /* Debug */ = {
			isa = XCBuildConfiguration;
			buildSettings = {
				ALWAYS_SEARCH_USER_PATHS = NO;
				CLANG_ANALYZER_NONNULL = YES;
				CLANG_CXX_LANGUAGE_STANDARD = "gnu++0x";
				CLANG_CXX_LIBRARY = "libc++";
				CLANG_ENABLE_MODULES = YES;
				CLANG_ENABLE_OBJC_ARC = YES;
				CLANG_WARN_BOOL_CONVERSION = YES;
				CLANG_WARN_CONSTANT_CONVERSION = YES;
				CLANG_WARN_DIRECT_OBJC_ISA_USAGE = YES_ERROR;
				CLANG_WARN_DOCUMENTATION_COMMENTS = YES;
				CLANG_WARN_EMPTY_BODY = YES;
				CLANG_WARN_ENUM_CONVERSION = YES;
				CLANG_WARN_INFINITE_RECURSION = YES;
				CLANG_WARN_INT_CONVERSION = YES;
				CLANG_WARN_OBJC_ROOT_CLASS = YES_ERROR;
				CLANG_WARN_SUSPICIOUS_MOVES = YES;
				CLANG_WARN_UNREACHABLE_CODE = YES;
				CLANG_WARN__DUPLICATE_METHOD_MATCH = YES;
				"CODE_SIGN_IDENTITY[sdk=iphoneos*]" = "iPhone Developer";
				COPY_PHASE_STRIP = NO;
				CURRENT_PROJECT_VERSION = 1;
				DEBUG_INFORMATION_FORMAT = dwarf;
				ENABLE_STRICT_OBJC_MSGSEND = YES;
				ENABLE_TESTABILITY = YES;
				GCC_C_LANGUAGE_STANDARD = gnu99;
				GCC_DYNAMIC_NO_PIC = NO;
				GCC_NO_COMMON_BLOCKS = YES;
				GCC_OPTIMIZATION_LEVEL = 0;
				GCC_PREPROCESSOR_DEFINITIONS = (
					"DEBUG=1",
					"$(inherited)",
				);
				GCC_WARN_64_TO_32_BIT_CONVERSION = YES;
				GCC_WARN_ABOUT_RETURN_TYPE = YES_ERROR;
				GCC_WARN_UNDECLARED_SELECTOR = YES;
				GCC_WARN_UNINITIALIZED_AUTOS = YES_AGGRESSIVE;
				GCC_WARN_UNUSED_FUNCTION = YES;
				GCC_WARN_UNUSED_VARIABLE = YES;
				INFOPLIST_FILE = LogSwift/Info.plist;
				IPHONEOS_DEPLOYMENT_TARGET = 10.1;
				MTL_ENABLE_DEBUG_INFO = YES;
				ONLY_ACTIVE_ARCH = YES;
				SDKROOT = macosx;
				SWIFT_ACTIVE_COMPILATION_CONDITIONS = DEBUG;
				SWIFT_OPTIMIZATION_LEVEL = "-Onone";
				TARGETED_DEVICE_FAMILY = "1,2";
				VERSIONING_SYSTEM = "apple-generic";
				VERSION_INFO_PREFIX = "";
			};
			name = Debug;
		};
		14E0070E1DF01A830056CBEF /* Release */ = {
			isa = XCBuildConfiguration;
			buildSettings = {
				ALWAYS_SEARCH_USER_PATHS = NO;
				CLANG_ANALYZER_NONNULL = YES;
				CLANG_CXX_LANGUAGE_STANDARD = "gnu++0x";
				CLANG_CXX_LIBRARY = "libc++";
				CLANG_ENABLE_MODULES = YES;
				CLANG_ENABLE_OBJC_ARC = YES;
				CLANG_WARN_BOOL_CONVERSION = YES;
				CLANG_WARN_CONSTANT_CONVERSION = YES;
				CLANG_WARN_DIRECT_OBJC_ISA_USAGE = YES_ERROR;
				CLANG_WARN_DOCUMENTATION_COMMENTS = YES;
				CLANG_WARN_EMPTY_BODY = YES;
				CLANG_WARN_ENUM_CONVERSION = YES;
				CLANG_WARN_INFINITE_RECURSION = YES;
				CLANG_WARN_INT_CONVERSION = YES;
				CLANG_WARN_OBJC_ROOT_CLASS = YES_ERROR;
				CLANG_WARN_SUSPICIOUS_MOVES = YES;
				CLANG_WARN_UNREACHABLE_CODE = YES;
				CLANG_WARN__DUPLICATE_METHOD_MATCH = YES;
				"CODE_SIGN_IDENTITY[sdk=iphoneos*]" = "iPhone Developer";
				COPY_PHASE_STRIP = NO;
				CURRENT_PROJECT_VERSION = 1;
				DEBUG_INFORMATION_FORMAT = "dwarf-with-dsym";
				ENABLE_NS_ASSERTIONS = NO;
				ENABLE_STRICT_OBJC_MSGSEND = YES;
				GCC_C_LANGUAGE_STANDARD = gnu99;
				GCC_NO_COMMON_BLOCKS = YES;
				GCC_WARN_64_TO_32_BIT_CONVERSION = YES;
				GCC_WARN_ABOUT_RETURN_TYPE = YES_ERROR;
				GCC_WARN_UNDECLARED_SELECTOR = YES;
				GCC_WARN_UNINITIALIZED_AUTOS = YES_AGGRESSIVE;
				GCC_WARN_UNUSED_FUNCTION = YES;
				GCC_WARN_UNUSED_VARIABLE = YES;
				INFOPLIST_FILE = LogSwift/Info.plist;
				IPHONEOS_DEPLOYMENT_TARGET = 10.1;
				MTL_ENABLE_DEBUG_INFO = NO;
				SDKROOT = macosx;
				SWIFT_OPTIMIZATION_LEVEL = "-Owholemodule";
				TARGETED_DEVICE_FAMILY = "1,2";
				VALIDATE_PRODUCT = YES;
				VERSIONING_SYSTEM = "apple-generic";
				VERSION_INFO_PREFIX = "";
			};
			name = Release;
		};
		14E007101DF01A830056CBEF /* Debug */ = {
			isa = XCBuildConfiguration;
			baseConfigurationReference = 870A2799C82F5FB3729913B6 /* Pods-LogSwift.debug.xcconfig */;
			buildSettings = {
				CLANG_ENABLE_MODULES = YES;
				CODE_SIGN_IDENTITY = "";
				DEFINES_MODULE = YES;
				DEVELOPMENT_TEAM = FA78T6VRG8;
				DYLIB_COMPATIBILITY_VERSION = 1;
				DYLIB_CURRENT_VERSION = 1;
				DYLIB_INSTALL_NAME_BASE = "@rpath";
				INFOPLIST_FILE = LogSwift/Info.plist;
				INSTALL_PATH = "$(LOCAL_LIBRARY_DIR)/Frameworks";
				LD_RUNPATH_SEARCH_PATHS = "$(inherited) @executable_path/Frameworks @loader_path/Frameworks";
				MACOSX_DEPLOYMENT_TARGET = 10.9;
				PRODUCT_BUNDLE_IDENTIFIER = pyc.com.cn.LogSwift;
				PRODUCT_NAME = "$(TARGET_NAME)";
				SDKROOT = iphoneos;
				SKIP_INSTALL = YES;
				SWIFT_OPTIMIZATION_LEVEL = "-Onone";
				SWIFT_VERSION = 3.0;
			};
			name = Debug;
		};
		14E007111DF01A830056CBEF /* Release */ = {
			isa = XCBuildConfiguration;
			baseConfigurationReference = E2B49D6E833BE559CC8967B0 /* Pods-LogSwift.release.xcconfig */;
			buildSettings = {
				CLANG_ENABLE_MODULES = YES;
				CODE_SIGN_IDENTITY = "";
				DEFINES_MODULE = YES;
				DEVELOPMENT_TEAM = FA78T6VRG8;
				DYLIB_COMPATIBILITY_VERSION = 1;
				DYLIB_CURRENT_VERSION = 1;
				DYLIB_INSTALL_NAME_BASE = "@rpath";
				INFOPLIST_FILE = LogSwift/Info.plist;
				INSTALL_PATH = "$(LOCAL_LIBRARY_DIR)/Frameworks";
				LD_RUNPATH_SEARCH_PATHS = "$(inherited) @executable_path/Frameworks @loader_path/Frameworks";
				MACOSX_DEPLOYMENT_TARGET = 10.9;
				PRODUCT_BUNDLE_IDENTIFIER = pyc.com.cn.LogSwift;
				PRODUCT_NAME = "$(TARGET_NAME)";
				SDKROOT = iphoneos;
				SKIP_INSTALL = YES;
				SWIFT_VERSION = 3.0;
			};
			name = Release;
		};
		14E007131DF01A830056CBEF /* Debug */ = {
			isa = XCBuildConfiguration;
			baseConfigurationReference = 72D4DE67AF8D8498D35E546D /* Pods-LogSwiftTests.debug.xcconfig */;
			buildSettings = {
				ALWAYS_EMBED_SWIFT_STANDARD_LIBRARIES = YES;
				DEVELOPMENT_TEAM = FA78T6VRG8;
				INFOPLIST_FILE = LogSwiftTests/Info.plist;
				LD_RUNPATH_SEARCH_PATHS = "$(inherited) @executable_path/Frameworks @loader_path/Frameworks";
				PRODUCT_BUNDLE_IDENTIFIER = pyc.com.cn.LogSwiftTests;
				PRODUCT_NAME = "$(TARGET_NAME)";
				SWIFT_VERSION = 3.0;
			};
			name = Debug;
		};
		14E007141DF01A830056CBEF /* Release */ = {
			isa = XCBuildConfiguration;
			baseConfigurationReference = 8ED27F78B91BB4452A8152E2 /* Pods-LogSwiftTests.release.xcconfig */;
			buildSettings = {
				ALWAYS_EMBED_SWIFT_STANDARD_LIBRARIES = YES;
				DEVELOPMENT_TEAM = FA78T6VRG8;
				INFOPLIST_FILE = LogSwiftTests/Info.plist;
				LD_RUNPATH_SEARCH_PATHS = "$(inherited) @executable_path/Frameworks @loader_path/Frameworks";
				PRODUCT_BUNDLE_IDENTIFIER = pyc.com.cn.LogSwiftTests;
				PRODUCT_NAME = "$(TARGET_NAME)";
				SWIFT_VERSION = 3.0;
			};
			name = Release;
		};
		844A670A1DF07B6700E4E123 /* Debug */ = {
			isa = XCBuildConfiguration;
			baseConfigurationReference = 8ED16CBDB09E0087535FEE0E /* Pods-LogSwiftForOSX.debug.xcconfig */;
			buildSettings = {
				CLANG_ENABLE_MODULES = YES;
				CODE_SIGN_IDENTITY = "";
				DEFINES_MODULE = YES;
				DEVELOPMENT_TEAM = FA78T6VRG8;
				DYLIB_COMPATIBILITY_VERSION = 1;
				DYLIB_CURRENT_VERSION = 1;
				DYLIB_INSTALL_NAME_BASE = "@rpath";
				FRAMEWORK_SEARCH_PATHS = (
					"$(inherited)",
					"$(PROJECT_DIR)/build/Debug-iphoneos/RNCryptor",
				);
				INFOPLIST_FILE = "LogSwift copy-Info.plist";
				INSTALL_PATH = "$(LOCAL_LIBRARY_DIR)/Frameworks";
				LD_RUNPATH_SEARCH_PATHS = "$(inherited) @executable_path/Frameworks @loader_path/Frameworks";
				MACOSX_DEPLOYMENT_TARGET = 10.9;
				PRODUCT_BUNDLE_IDENTIFIER = pyc.com.cn.LogSwift;
				PRODUCT_NAME = "$(TARGET_NAME)";
				SKIP_INSTALL = YES;
				SWIFT_OPTIMIZATION_LEVEL = "-Onone";
				SWIFT_VERSION = 3.0;
			};
			name = Debug;
		};
		844A670B1DF07B6700E4E123 /* Release */ = {
			isa = XCBuildConfiguration;
			baseConfigurationReference = 7923084CE42E91CF25275DB0 /* Pods-LogSwiftForOSX.release.xcconfig */;
			buildSettings = {
				CLANG_ENABLE_MODULES = YES;
				CODE_SIGN_IDENTITY = "";
				DEFINES_MODULE = YES;
				DEVELOPMENT_TEAM = FA78T6VRG8;
				DYLIB_COMPATIBILITY_VERSION = 1;
				DYLIB_CURRENT_VERSION = 1;
				DYLIB_INSTALL_NAME_BASE = "@rpath";
				FRAMEWORK_SEARCH_PATHS = (
					"$(inherited)",
					"$(PROJECT_DIR)/build/Debug-iphoneos/RNCryptor",
				);
				INFOPLIST_FILE = "LogSwift copy-Info.plist";
				INSTALL_PATH = "$(LOCAL_LIBRARY_DIR)/Frameworks";
				LD_RUNPATH_SEARCH_PATHS = "$(inherited) @executable_path/Frameworks @loader_path/Frameworks";
				MACOSX_DEPLOYMENT_TARGET = 10.9;
				PRODUCT_BUNDLE_IDENTIFIER = pyc.com.cn.LogSwift;
				PRODUCT_NAME = "$(TARGET_NAME)";
				SKIP_INSTALL = YES;
				SWIFT_VERSION = 3.0;
			};
			name = Release;
		};
/* End XCBuildConfiguration section */

/* Begin XCConfigurationList section */
		14E006F51DF01A820056CBEF /* Build configuration list for PBXProject "LogSwift" */ = {
			isa = XCConfigurationList;
			buildConfigurations = (
				14E0070D1DF01A830056CBEF /* Debug */,
				14E0070E1DF01A830056CBEF /* Release */,
			);
			defaultConfigurationIsVisible = 0;
			defaultConfigurationName = Release;
		};
		14E0070F1DF01A830056CBEF /* Build configuration list for PBXNativeTarget "LogSwift" */ = {
			isa = XCConfigurationList;
			buildConfigurations = (
				14E007101DF01A830056CBEF /* Debug */,
				14E007111DF01A830056CBEF /* Release */,
			);
			defaultConfigurationIsVisible = 0;
			defaultConfigurationName = Release;
		};
		14E007121DF01A830056CBEF /* Build configuration list for PBXNativeTarget "LogSwiftTests" */ = {
			isa = XCConfigurationList;
			buildConfigurations = (
				14E007131DF01A830056CBEF /* Debug */,
				14E007141DF01A830056CBEF /* Release */,
			);
			defaultConfigurationIsVisible = 0;
			defaultConfigurationName = Release;
		};
		844A67091DF07B6700E4E123 /* Build configuration list for PBXNativeTarget "LogSwiftForOSX" */ = {
			isa = XCConfigurationList;
			buildConfigurations = (
				844A670A1DF07B6700E4E123 /* Debug */,
				844A670B1DF07B6700E4E123 /* Release */,
			);
			defaultConfigurationIsVisible = 0;
			defaultConfigurationName = Release;
		};
/* End XCConfigurationList section */
	};
	rootObject = 14E006F21DF01A820056CBEF /* Project object */;
}
