// !$*UTF8*$!
{
	archiveVersion = 1;
	classes = {
	};
	objectVersion = 46;
	objects = {

/* Begin PBXBuildFile section */
		144B8E1E1E978F9B009969E8 /* DeviceInfoTest.swift in Sources */ = {isa = PBXBuildFile; fileRef = 144B8E1D1E978F9B009969E8 /* DeviceInfoTest.swift */; };
		1483B7EE1E825A5A009D8C42 /* PBBLogSDKTests.swift in Sources */ = {isa = PBXBuildFile; fileRef = 1483B7ED1E825A5A009D8C42 /* PBBLogSDKTests.swift */; };
		14E0070C1DF01A830056CBEF /* LogSwift.h in Headers */ = {isa = PBXBuildFile; fileRef = 14E006FE1DF01A830056CBEF /* LogSwift.h */; settings = {ATTRIBUTES = (Public, ); }; };
		14E007381DF01E940056CBEF /* PbbEnum.swift in Sources */ = {isa = PBXBuildFile; fileRef = 14E007311DF01E940056CBEF /* PbbEnum.swift */; };
		14E007391DF01E940056CBEF /* PBBLogModel.swift in Sources */ = {isa = PBXBuildFile; fileRef = 14E007321DF01E940056CBEF /* PBBLogModel.swift */; };
		14E0073A1DF01E940056CBEF /* PBBLogAPI.swift in Sources */ = {isa = PBXBuildFile; fileRef = 14E007331DF01E940056CBEF /* PBBLogAPI.swift */; };
		14E0073B1DF01E940056CBEF /* PBBLogClient.swift in Sources */ = {isa = PBXBuildFile; fileRef = 14E007341DF01E940056CBEF /* PBBLogClient.swift */; };
		14E0073C1DF01E940056CBEF /* ConvertToDictionary.swift in Sources */ = {isa = PBXBuildFile; fileRef = 14E007361DF01E940056CBEF /* ConvertToDictionary.swift */; };
		14E0073D1DF01E940056CBEF /* DeviceUtil.swift in Sources */ = {isa = PBXBuildFile; fileRef = 14E007371DF01E940056CBEF /* DeviceUtil.swift */; };
		14E0073F1DF01F2E0056CBEF /* LogSwift.podspec in Resources */ = {isa = PBXBuildFile; fileRef = 14E0073E1DF01F2E0056CBEF /* LogSwift.podspec */; };
		18517FEE102273F674B6DC85 /* Pods_LogSwiftForiOS.framework in Frameworks */ = {isa = PBXBuildFile; fileRef = D532EBCCF552123618523427 /* Pods_LogSwiftForiOS.framework */; };
		686E9F67CE2930466C62DD19 /* Pods_LogSwiftforiOSTests.framework in Frameworks */ = {isa = PBXBuildFile; fileRef = EFF922077A72C49663E3D6EC /* Pods_LogSwiftforiOSTests.framework */; };
		7077374362CF2DC9A8EECC70 /* Pods_LogSwiftForOSX.framework in Frameworks */ = {isa = PBXBuildFile; fileRef = 81B4B6402BB560BFBC8DE03F /* Pods_LogSwiftForOSX.framework */; };
		844A66F01DF06F7E00E4E123 /* InfoForiOS.plist in Resources */ = {isa = PBXBuildFile; fileRef = 14E006FF1DF01A830056CBEF /* InfoForiOS.plist */; };
		844A66F11DF0731700E4E123 /* LogSwiftTests.swift in Sources */ = {isa = PBXBuildFile; fileRef = 14E007091DF01A830056CBEF /* LogSwiftTests.swift */; };
		844A66FA1DF07B6700E4E123 /* PbbEnum.swift in Sources */ = {isa = PBXBuildFile; fileRef = 14E007311DF01E940056CBEF /* PbbEnum.swift */; };
		844A66FB1DF07B6700E4E123 /* PBBLogModel.swift in Sources */ = {isa = PBXBuildFile; fileRef = 14E007321DF01E940056CBEF /* PBBLogModel.swift */; };
		844A66FC1DF07B6700E4E123 /* ConvertToDictionary.swift in Sources */ = {isa = PBXBuildFile; fileRef = 14E007361DF01E940056CBEF /* ConvertToDictionary.swift */; };
		844A66FD1DF07B6700E4E123 /* PBBLogClient.swift in Sources */ = {isa = PBXBuildFile; fileRef = 14E007341DF01E940056CBEF /* PBBLogClient.swift */; };
		844A66FE1DF07B6700E4E123 /* PBBLogAPI.swift in Sources */ = {isa = PBXBuildFile; fileRef = 14E007331DF01E940056CBEF /* PBBLogAPI.swift */; };
		844A66FF1DF07B6700E4E123 /* DeviceUtil.swift in Sources */ = {isa = PBXBuildFile; fileRef = 14E007371DF01E940056CBEF /* DeviceUtil.swift */; };
		844A67031DF07B6700E4E123 /* LogSwift.h in Headers */ = {isa = PBXBuildFile; fileRef = 14E006FE1DF01A830056CBEF /* LogSwift.h */; settings = {ATTRIBUTES = (Public, ); }; };
		844A67051DF07B6700E4E123 /* InfoForiOS.plist in Resources */ = {isa = PBXBuildFile; fileRef = 14E006FF1DF01A830056CBEF /* InfoForiOS.plist */; };
		844A67061DF07B6700E4E123 /* LogSwift.podspec in Resources */ = {isa = PBXBuildFile; fileRef = 14E0073E1DF01F2E0056CBEF /* LogSwift.podspec */; };
		84B945F021C1134A00D187D4 /* Podfile in Resources */ = {isa = PBXBuildFile; fileRef = 84B945EF21C1134A00D187D4 /* Podfile */; };
		84C664891E98E2A400A56CB0 /* LogSwiftforiOSTests.swift in Sources */ = {isa = PBXBuildFile; fileRef = 84C664881E98E2A400A56CB0 /* LogSwiftforiOSTests.swift */; };
		84C6648B1E98E2A400A56CB0 /* LogSwiftForiOS.framework in Frameworks */ = {isa = PBXBuildFile; fileRef = 14E006FB1DF01A820056CBEF /* LogSwiftForiOS.framework */; };
		84D649141E99BFC300B4D0EA /* Pods_LogSwiftForiOS.framework in Frameworks */ = {isa = PBXBuildFile; fileRef = 84D649131E99BFC300B4D0EA /* Pods_LogSwiftForiOS.framework */; };
		84D649171E99D02500B4D0EA /* LogSwiftForOSX.framework in Frameworks */ = {isa = PBXBuildFile; fileRef = 844A670C1DF07B6700E4E123 /* LogSwiftForOSX.framework */; };
		84EDDB881E99261E00EB5564 /* IOUSBDetector.swift in Sources */ = {isa = PBXBuildFile; fileRef = 84EDDB871E99261D00EB5564 /* IOUSBDetector.swift */; };
		84EDDB8A1E9926AD00EB5564 /* DeviceXMLParser.swift in Sources */ = {isa = PBXBuildFile; fileRef = 84EDDB891E9926AD00EB5564 /* DeviceXMLParser.swift */; };
		BE592546213B091F139C7689 /* Pods_LogSwiftForOSXTests.framework in Frameworks */ = {isa = PBXBuildFile; fileRef = 98CFB1B70BB6331F03A783AE /* Pods_LogSwiftForOSXTests.framework */; };
/* End PBXBuildFile section */

/* Begin PBXContainerItemProxy section */
		84C6648C1E98E2A400A56CB0 /* PBXContainerItemProxy */ = {
			isa = PBXContainerItemProxy;
			containerPortal = 14E006F21DF01A820056CBEF /* Project object */;
			proxyType = 1;
			remoteGlobalIDString = 14E006FA1DF01A820056CBEF;
			remoteInfo = LogSwift;
		};
		84EDDB841E99006000EB5564 /* PBXContainerItemProxy */ = {
			isa = PBXContainerItemProxy;
			containerPortal = 14E006F21DF01A820056CBEF /* Project object */;
			proxyType = 1;
			remoteGlobalIDString = 844A66F71DF07B6700E4E123;
			remoteInfo = LogSwiftForOSX;
		};
/* End PBXContainerItemProxy section */

/* Begin PBXFileReference section */
		0A9A87C71220BE3CDA033696 /* Pods-LogSwiftForiOS.release.xcconfig */ = {isa = PBXFileReference; includeInIndex = 1; lastKnownFileType = text.xcconfig; name = "Pods-LogSwiftForiOS.release.xcconfig"; path = "Pods/Target Support Files/Pods-LogSwiftForiOS/Pods-LogSwiftForiOS.release.xcconfig"; sourceTree = "<group>"; };
		144746581E9CB02A00FC0F29 /* readme.md */ = {isa = PBXFileReference; lastKnownFileType = net.daringfireball.markdown; path = readme.md; sourceTree = SOURCE_ROOT; };
		144B8E1D1E978F9B009969E8 /* DeviceInfoTest.swift */ = {isa = PBXFileReference; fileEncoding = 4; lastKnownFileType = sourcecode.swift; path = DeviceInfoTest.swift; sourceTree = "<group>"; };
		1483B7ED1E825A5A009D8C42 /* PBBLogSDKTests.swift */ = {isa = PBXFileReference; fileEncoding = 4; lastKnownFileType = sourcecode.swift; path = PBBLogSDKTests.swift; sourceTree = "<group>"; };
		14E006FB1DF01A820056CBEF /* LogSwiftForiOS.framework */ = {isa = PBXFileReference; explicitFileType = wrapper.framework; includeInIndex = 0; path = LogSwiftForiOS.framework; sourceTree = BUILT_PRODUCTS_DIR; };
		14E006FE1DF01A830056CBEF /* LogSwift.h */ = {isa = PBXFileReference; lastKnownFileType = sourcecode.c.h; name = LogSwift.h; path = ../LogSwift/LogSwift.h; sourceTree = "<group>"; };
		14E006FF1DF01A830056CBEF /* InfoForiOS.plist */ = {isa = PBXFileReference; lastKnownFileType = text.plist.xml; path = InfoForiOS.plist; sourceTree = "<group>"; };
		14E007041DF01A830056CBEF /* LogSwiftForOSXTests.xctest */ = {isa = PBXFileReference; explicitFileType = wrapper.cfbundle; includeInIndex = 0; path = LogSwiftForOSXTests.xctest; sourceTree = BUILT_PRODUCTS_DIR; };
		14E007091DF01A830056CBEF /* LogSwiftTests.swift */ = {isa = PBXFileReference; lastKnownFileType = sourcecode.swift; path = LogSwiftTests.swift; sourceTree = "<group>"; };
		14E0070B1DF01A830056CBEF /* Info.plist */ = {isa = PBXFileReference; lastKnownFileType = text.plist.xml; path = Info.plist; sourceTree = "<group>"; };
		14E007311DF01E940056CBEF /* PbbEnum.swift */ = {isa = PBXFileReference; fileEncoding = 4; lastKnownFileType = sourcecode.swift; path = PbbEnum.swift; sourceTree = "<group>"; };
		14E007321DF01E940056CBEF /* PBBLogModel.swift */ = {isa = PBXFileReference; fileEncoding = 4; lastKnownFileType = sourcecode.swift; path = PBBLogModel.swift; sourceTree = "<group>"; };
		14E007331DF01E940056CBEF /* PBBLogAPI.swift */ = {isa = PBXFileReference; fileEncoding = 4; lastKnownFileType = sourcecode.swift; path = PBBLogAPI.swift; sourceTree = "<group>"; };
		14E007341DF01E940056CBEF /* PBBLogClient.swift */ = {isa = PBXFileReference; fileEncoding = 4; lastKnownFileType = sourcecode.swift; path = PBBLogClient.swift; sourceTree = "<group>"; };
		14E007361DF01E940056CBEF /* ConvertToDictionary.swift */ = {isa = PBXFileReference; fileEncoding = 4; lastKnownFileType = sourcecode.swift; path = ConvertToDictionary.swift; sourceTree = "<group>"; };
		14E007371DF01E940056CBEF /* DeviceUtil.swift */ = {isa = PBXFileReference; fileEncoding = 4; lastKnownFileType = sourcecode.swift; path = DeviceUtil.swift; sourceTree = "<group>"; };
		14E0073E1DF01F2E0056CBEF /* LogSwift.podspec */ = {isa = PBXFileReference; explicitFileType = text.script.ruby; fileEncoding = 4; path = LogSwift.podspec; sourceTree = SOURCE_ROOT; };
		14E007431DF12FBF0056CBEF /* readme.md */ = {isa = PBXFileReference; fileEncoding = 4; lastKnownFileType = net.daringfireball.markdown; path = readme.md; sourceTree = "<group>"; };
		7923084CE42E91CF25275DB0 /* Pods-LogSwiftForOSX.release.xcconfig */ = {isa = PBXFileReference; includeInIndex = 1; lastKnownFileType = text.xcconfig; name = "Pods-LogSwiftForOSX.release.xcconfig"; path = "Pods/Target Support Files/Pods-LogSwiftForOSX/Pods-LogSwiftForOSX.release.xcconfig"; sourceTree = "<group>"; };
		81B4B6402BB560BFBC8DE03F /* Pods_LogSwiftForOSX.framework */ = {isa = PBXFileReference; explicitFileType = wrapper.framework; includeInIndex = 0; path = Pods_LogSwiftForOSX.framework; sourceTree = BUILT_PRODUCTS_DIR; };
		844A670C1DF07B6700E4E123 /* LogSwiftForOSX.framework */ = {isa = PBXFileReference; explicitFileType = wrapper.framework; includeInIndex = 0; path = LogSwiftForOSX.framework; sourceTree = BUILT_PRODUCTS_DIR; };
		84B945EF21C1134A00D187D4 /* Podfile */ = {isa = PBXFileReference; explicitFileType = text.script.ruby; fileEncoding = 4; path = Podfile; sourceTree = "<group>"; xcLanguageSpecificationIdentifier = xcode.lang.ruby; };
		84C664861E98E2A400A56CB0 /* LogSwiftforiOSTests.xctest */ = {isa = PBXFileReference; explicitFileType = wrapper.cfbundle; includeInIndex = 0; path = LogSwiftforiOSTests.xctest; sourceTree = BUILT_PRODUCTS_DIR; };
		84C664881E98E2A400A56CB0 /* LogSwiftforiOSTests.swift */ = {isa = PBXFileReference; lastKnownFileType = sourcecode.swift; path = LogSwiftforiOSTests.swift; sourceTree = "<group>"; };
		84C6648A1E98E2A400A56CB0 /* Info.plist */ = {isa = PBXFileReference; lastKnownFileType = text.plist.xml; path = Info.plist; sourceTree = "<group>"; };
		84D649131E99BFC300B4D0EA /* Pods_LogSwiftForiOS.framework */ = {isa = PBXFileReference; lastKnownFileType = wrapper.framework; name = Pods_LogSwiftForiOS.framework; path = "../Library/Developer/Xcode/DerivedData/LogSwift-chzttrskziqczxdrdcgixxwufimu/Build/Products/Debug-iphonesimulator/Pods_LogSwiftForiOS.framework"; sourceTree = "<group>"; };
		84EDDB871E99261D00EB5564 /* IOUSBDetector.swift */ = {isa = PBXFileReference; fileEncoding = 4; lastKnownFileType = sourcecode.swift; path = IOUSBDetector.swift; sourceTree = "<group>"; };
		84EDDB891E9926AD00EB5564 /* DeviceXMLParser.swift */ = {isa = PBXFileReference; fileEncoding = 4; lastKnownFileType = sourcecode.swift; path = DeviceXMLParser.swift; sourceTree = "<group>"; };
		894D8CD1D32EB4C504923D71 /* Pods-LogSwiftForiOS.debug.xcconfig */ = {isa = PBXFileReference; includeInIndex = 1; lastKnownFileType = text.xcconfig; name = "Pods-LogSwiftForiOS.debug.xcconfig"; path = "Pods/Target Support Files/Pods-LogSwiftForiOS/Pods-LogSwiftForiOS.debug.xcconfig"; sourceTree = "<group>"; };
		8ACBFDE0A6B841F646D0654F /* Pods-LogSwiftForOSXTests.release.xcconfig */ = {isa = PBXFileReference; includeInIndex = 1; lastKnownFileType = text.xcconfig; name = "Pods-LogSwiftForOSXTests.release.xcconfig"; path = "Pods/Target Support Files/Pods-LogSwiftForOSXTests/Pods-LogSwiftForOSXTests.release.xcconfig"; sourceTree = "<group>"; };
		8ED16CBDB09E0087535FEE0E /* Pods-LogSwiftForOSX.debug.xcconfig */ = {isa = PBXFileReference; includeInIndex = 1; lastKnownFileType = text.xcconfig; name = "Pods-LogSwiftForOSX.debug.xcconfig"; path = "Pods/Target Support Files/Pods-LogSwiftForOSX/Pods-LogSwiftForOSX.debug.xcconfig"; sourceTree = "<group>"; };
		9128A7A3F54E69BAECB2AD77 /* Pods-LogSwiftforiOSTests.release.xcconfig */ = {isa = PBXFileReference; includeInIndex = 1; lastKnownFileType = text.xcconfig; name = "Pods-LogSwiftforiOSTests.release.xcconfig"; path = "Pods/Target Support Files/Pods-LogSwiftforiOSTests/Pods-LogSwiftforiOSTests.release.xcconfig"; sourceTree = "<group>"; };
		98CFB1B70BB6331F03A783AE /* Pods_LogSwiftForOSXTests.framework */ = {isa = PBXFileReference; explicitFileType = wrapper.framework; includeInIndex = 0; path = Pods_LogSwiftForOSXTests.framework; sourceTree = BUILT_PRODUCTS_DIR; };
		D3D5F3C9E47657F1F6734EF3 /* Pods-LogSwiftForOSXTests.debug.xcconfig */ = {isa = PBXFileReference; includeInIndex = 1; lastKnownFileType = text.xcconfig; name = "Pods-LogSwiftForOSXTests.debug.xcconfig"; path = "Pods/Target Support Files/Pods-LogSwiftForOSXTests/Pods-LogSwiftForOSXTests.debug.xcconfig"; sourceTree = "<group>"; };
		D532EBCCF552123618523427 /* Pods_LogSwiftForiOS.framework */ = {isa = PBXFileReference; explicitFileType = wrapper.framework; includeInIndex = 0; path = Pods_LogSwiftForiOS.framework; sourceTree = BUILT_PRODUCTS_DIR; };
		E16FB8EC3E7D97FF5611B732 /* Pods-LogSwiftforiOSTests.debug.xcconfig */ = {isa = PBXFileReference; includeInIndex = 1; lastKnownFileType = text.xcconfig; name = "Pods-LogSwiftforiOSTests.debug.xcconfig"; path = "Pods/Target Support Files/Pods-LogSwiftforiOSTests/Pods-LogSwiftforiOSTests.debug.xcconfig"; sourceTree = "<group>"; };
		EFF922077A72C49663E3D6EC /* Pods_LogSwiftforiOSTests.framework */ = {isa = PBXFileReference; explicitFileType = wrapper.framework; includeInIndex = 0; path = Pods_LogSwiftforiOSTests.framework; sourceTree = BUILT_PRODUCTS_DIR; };
		F593D7D5E0FBEE718CE3E040 /* Pods-LogSwiftForOSX.release.xcconfig */ = {isa = PBXFileReference; includeInIndex = 1; lastKnownFileType = text.xcconfig; name = "Pods-LogSwiftForOSX.release.xcconfig"; path = "Pods/Target Support Files/Pods-LogSwiftForOSX/Pods-LogSwiftForOSX.release.xcconfig"; sourceTree = "<group>"; };
		F6D798FC69AE81832E904BAB /* Pods-LogSwiftForOSX.debug.xcconfig */ = {isa = PBXFileReference; includeInIndex = 1; lastKnownFileType = text.xcconfig; name = "Pods-LogSwiftForOSX.debug.xcconfig"; path = "Pods/Target Support Files/Pods-LogSwiftForOSX/Pods-LogSwiftForOSX.debug.xcconfig"; sourceTree = "<group>"; };
/* End PBXFileReference section */

/* Begin PBXFrameworksBuildPhase section */
		14E006F71DF01A820056CBEF /* Frameworks */ = {
			isa = PBXFrameworksBuildPhase;
			buildActionMask = 2147483647;
			files = (
				84D649141E99BFC300B4D0EA /* Pods_LogSwiftForiOS.framework in Frameworks */,
				18517FEE102273F674B6DC85 /* Pods_LogSwiftForiOS.framework in Frameworks */,
			);
			runOnlyForDeploymentPostprocessing = 0;
		};
		14E007011DF01A830056CBEF /* Frameworks */ = {
			isa = PBXFrameworksBuildPhase;
			buildActionMask = 2147483647;
			files = (
				84D649171E99D02500B4D0EA /* LogSwiftForOSX.framework in Frameworks */,
				BE592546213B091F139C7689 /* Pods_LogSwiftForOSXTests.framework in Frameworks */,
			);
			runOnlyForDeploymentPostprocessing = 0;
		};
		844A67001DF07B6700E4E123 /* Frameworks */ = {
			isa = PBXFrameworksBuildPhase;
			buildActionMask = 2147483647;
			files = (
				7077374362CF2DC9A8EECC70 /* Pods_LogSwiftForOSX.framework in Frameworks */,
			);
			runOnlyForDeploymentPostprocessing = 0;
		};
		84C664831E98E2A400A56CB0 /* Frameworks */ = {
			isa = PBXFrameworksBuildPhase;
			buildActionMask = 2147483647;
			files = (
				84C6648B1E98E2A400A56CB0 /* LogSwiftForiOS.framework in Frameworks */,
				686E9F67CE2930466C62DD19 /* Pods_LogSwiftforiOSTests.framework in Frameworks */,
			);
			runOnlyForDeploymentPostprocessing = 0;
		};
/* End PBXFrameworksBuildPhase section */

/* Begin PBXGroup section */
		09D06E7D45823D9CDB1216B1 /* Pods */ = {
			isa = PBXGroup;
			children = (
				8ED16CBDB09E0087535FEE0E /* Pods-LogSwiftForOSX.debug.xcconfig */,
				7923084CE42E91CF25275DB0 /* Pods-LogSwiftForOSX.release.xcconfig */,
			);
			name = Pods;
			path = ..;
			sourceTree = "<group>";
		};
		14E006F11DF01A820056CBEF = {
			isa = PBXGroup;
			children = (
				84B945EF21C1134A00D187D4 /* Podfile */,
				14E006FD1DF01A830056CBEF /* LogSwift */,
				14E007081DF01A830056CBEF /* LogSwiftForOSXTests */,
				84C664871E98E2A400A56CB0 /* LogSwiftforiOSTests */,
				14E006FC1DF01A820056CBEF /* Products */,
				E6C647088A08FD6A81CF0543 /* Pods */,
				1E3B1FBE8DDDC7FF2F2BE997 /* Frameworks */,
			);
			sourceTree = "<group>";
		};
		14E006FC1DF01A820056CBEF /* Products */ = {
			isa = PBXGroup;
			children = (
				14E006FB1DF01A820056CBEF /* LogSwiftForiOS.framework */,
				14E007041DF01A830056CBEF /* LogSwiftForOSXTests.xctest */,
				844A670C1DF07B6700E4E123 /* LogSwiftForOSX.framework */,
				84C664861E98E2A400A56CB0 /* LogSwiftforiOSTests.xctest */,
			);
			name = Products;
			sourceTree = "<group>";
		};
		14E006FD1DF01A830056CBEF /* LogSwift */ = {
			isa = PBXGroup;
			children = (
				14E0073E1DF01F2E0056CBEF /* LogSwift.podspec */,
				14E007431DF12FBF0056CBEF /* readme.md */,
				14E007301DF01E940056CBEF /* model */,
				14E007331DF01E940056CBEF /* PBBLogAPI.swift */,
				14E007341DF01E940056CBEF /* PBBLogClient.swift */,
				14E007351DF01E940056CBEF /* util */,
				14E006FF1DF01A830056CBEF /* InfoForiOS.plist */,
				09D06E7D45823D9CDB1216B1 /* Pods */,
				144746581E9CB02A00FC0F29 /* readme.md */,
			);
			path = LogSwift;
			sourceTree = "<group>";
		};
		14E007081DF01A830056CBEF /* LogSwiftForOSXTests */ = {
			isa = PBXGroup;
			children = (
				14E006FE1DF01A830056CBEF /* LogSwift.h */,
				14E007091DF01A830056CBEF /* LogSwiftTests.swift */,
				144B8E1D1E978F9B009969E8 /* DeviceInfoTest.swift */,
				1483B7ED1E825A5A009D8C42 /* PBBLogSDKTests.swift */,
				14E0070B1DF01A830056CBEF /* Info.plist */,
			);
			name = LogSwiftForOSXTests;
			path = LogSwiftTests;
			sourceTree = "<group>";
		};
		14E007301DF01E940056CBEF /* model */ = {
			isa = PBXGroup;
			children = (
				14E007311DF01E940056CBEF /* PbbEnum.swift */,
				14E007321DF01E940056CBEF /* PBBLogModel.swift */,
			);
			path = model;
			sourceTree = "<group>";
		};
		14E007351DF01E940056CBEF /* util */ = {
			isa = PBXGroup;
			children = (
				14E007361DF01E940056CBEF /* ConvertToDictionary.swift */,
				84EDDB871E99261D00EB5564 /* IOUSBDetector.swift */,
				14E007371DF01E940056CBEF /* DeviceUtil.swift */,
				84EDDB891E9926AD00EB5564 /* DeviceXMLParser.swift */,
			);
			path = util;
			sourceTree = "<group>";
		};
		1E3B1FBE8DDDC7FF2F2BE997 /* Frameworks */ = {
			isa = PBXGroup;
			children = (
				84D649131E99BFC300B4D0EA /* Pods_LogSwiftForiOS.framework */,
				81B4B6402BB560BFBC8DE03F /* Pods_LogSwiftForOSX.framework */,
				98CFB1B70BB6331F03A783AE /* Pods_LogSwiftForOSXTests.framework */,
				D532EBCCF552123618523427 /* Pods_LogSwiftForiOS.framework */,
				EFF922077A72C49663E3D6EC /* Pods_LogSwiftforiOSTests.framework */,
			);
			name = Frameworks;
			sourceTree = "<group>";
		};
		84C664871E98E2A400A56CB0 /* LogSwiftforiOSTests */ = {
			isa = PBXGroup;
			children = (
				84C664881E98E2A400A56CB0 /* LogSwiftforiOSTests.swift */,
				84C6648A1E98E2A400A56CB0 /* Info.plist */,
			);
			path = LogSwiftforiOSTests;
			sourceTree = "<group>";
		};
		E6C647088A08FD6A81CF0543 /* Pods */ = {
			isa = PBXGroup;
			children = (
				F6D798FC69AE81832E904BAB /* Pods-LogSwiftForOSX.debug.xcconfig */,
				F593D7D5E0FBEE718CE3E040 /* Pods-LogSwiftForOSX.release.xcconfig */,
				E16FB8EC3E7D97FF5611B732 /* Pods-LogSwiftforiOSTests.debug.xcconfig */,
				9128A7A3F54E69BAECB2AD77 /* Pods-LogSwiftforiOSTests.release.xcconfig */,
				894D8CD1D32EB4C504923D71 /* Pods-LogSwiftForiOS.debug.xcconfig */,
				0A9A87C71220BE3CDA033696 /* Pods-LogSwiftForiOS.release.xcconfig */,
				D3D5F3C9E47657F1F6734EF3 /* Pods-LogSwiftForOSXTests.debug.xcconfig */,
				8ACBFDE0A6B841F646D0654F /* Pods-LogSwiftForOSXTests.release.xcconfig */,
			);
			name = Pods;
			sourceTree = "<group>";
		};
/* End PBXGroup section */

/* Begin PBXHeadersBuildPhase section */
		14E006F81DF01A820056CBEF /* Headers */ = {
			isa = PBXHeadersBuildPhase;
			buildActionMask = 2147483647;
			files = (
				14E0070C1DF01A830056CBEF /* LogSwift.h in Headers */,
			);
			runOnlyForDeploymentPostprocessing = 0;
		};
		844A67021DF07B6700E4E123 /* Headers */ = {
			isa = PBXHeadersBuildPhase;
			buildActionMask = 2147483647;
			files = (
				844A67031DF07B6700E4E123 /* LogSwift.h in Headers */,
			);
			runOnlyForDeploymentPostprocessing = 0;
		};
/* End PBXHeadersBuildPhase section */

/* Begin PBXNativeTarget section */
		14E006FA1DF01A820056CBEF /* LogSwiftForiOS */ = {
			isa = PBXNativeTarget;
			buildConfigurationList = 14E0070F1DF01A830056CBEF /* Build configuration list for PBXNativeTarget "LogSwiftForiOS" */;
			buildPhases = (
				8F4A5A6F20F289EB7E8263C0 /* [CP] Check Pods Manifest.lock */,
				14E006F61DF01A820056CBEF /* Sources */,
				14E006F71DF01A820056CBEF /* Frameworks */,
				14E006F81DF01A820056CBEF /* Headers */,
				14E006F91DF01A820056CBEF /* Resources */,
			);
			buildRules = (
			);
			dependencies = (
			);
			name = LogSwiftForiOS;
			productName = LogSwift;
			productReference = 14E006FB1DF01A820056CBEF /* LogSwiftForiOS.framework */;
			productType = "com.apple.product-type.framework";
		};
		14E007031DF01A830056CBEF /* LogSwiftForOSXTests */ = {
			isa = PBXNativeTarget;
			buildConfigurationList = 14E007121DF01A830056CBEF /* Build configuration list for PBXNativeTarget "LogSwiftForOSXTests" */;
			buildPhases = (
				4AEBCC0EE96AEF9389F16971 /* [CP] Check Pods Manifest.lock */,
				14E007001DF01A830056CBEF /* Sources */,
				14E007011DF01A830056CBEF /* Frameworks */,
				14E007021DF01A830056CBEF /* Resources */,
				6302829AAE8D429F66141D59 /* [CP] Embed Pods Frameworks */,
			);
			buildRules = (
			);
			dependencies = (
				84EDDB851E99006000EB5564 /* PBXTargetDependency */,
			);
			name = LogSwiftForOSXTests;
			productName = LogSwiftTests;
			productReference = 14E007041DF01A830056CBEF /* LogSwiftForOSXTests.xctest */;
			productType = "com.apple.product-type.bundle.unit-test";
		};
		844A66F71DF07B6700E4E123 /* LogSwiftForOSX */ = {
			isa = PBXNativeTarget;
			buildConfigurationList = 844A67091DF07B6700E4E123 /* Build configuration list for PBXNativeTarget "LogSwiftForOSX" */;
			buildPhases = (
				DE0BCECE9FA2BED84A223DB2 /* [CP] Check Pods Manifest.lock */,
				844A66F91DF07B6700E4E123 /* Sources */,
				844A67001DF07B6700E4E123 /* Frameworks */,
				844A67021DF07B6700E4E123 /* Headers */,
				844A67041DF07B6700E4E123 /* Resources */,
			);
			buildRules = (
			);
			dependencies = (
			);
			name = LogSwiftForOSX;
			productName = LogSwift;
			productReference = 844A670C1DF07B6700E4E123 /* LogSwiftForOSX.framework */;
			productType = "com.apple.product-type.framework";
		};
		84C664851E98E2A400A56CB0 /* LogSwiftforiOSTests */ = {
			isa = PBXNativeTarget;
			buildConfigurationList = 84C6648E1E98E2A400A56CB0 /* Build configuration list for PBXNativeTarget "LogSwiftforiOSTests" */;
			buildPhases = (
				59677BA83F88963E5F6621FC /* [CP] Check Pods Manifest.lock */,
				84C664821E98E2A400A56CB0 /* Sources */,
				84C664831E98E2A400A56CB0 /* Frameworks */,
				84C664841E98E2A400A56CB0 /* Resources */,
				8298525A0F8EAC22E11AD265 /* [CP] Embed Pods Frameworks */,
			);
			buildRules = (
			);
			dependencies = (
				84C6648D1E98E2A400A56CB0 /* PBXTargetDependency */,
			);
			name = LogSwiftforiOSTests;
			productName = LogSwiftforiOSTests;
			productReference = 84C664861E98E2A400A56CB0 /* LogSwiftforiOSTests.xctest */;
			productType = "com.apple.product-type.bundle.unit-test";
		};
/* End PBXNativeTarget section */

/* Begin PBXProject section */
		14E006F21DF01A820056CBEF /* Project object */ = {
			isa = PBXProject;
			attributes = {
				LastSwiftUpdateCheck = 0830;
				LastUpgradeCheck = 0810;
				ORGANIZATIONNAME = PBBReader;
				TargetAttributes = {
					14E006FA1DF01A820056CBEF = {
						CreatedOnToolsVersion = 8.1;
						DevelopmentTeam = FA78T6VRG8;
						LastSwiftMigration = 0810;
						ProvisioningStyle = Automatic;
					};
					14E007031DF01A830056CBEF = {
						CreatedOnToolsVersion = 8.1;
						DevelopmentTeam = FA78T6VRG8;
						ProvisioningStyle = Automatic;
					};
					844A66F71DF07B6700E4E123 = {
						DevelopmentTeam = FA78T6VRG8;
					};
					84C664851E98E2A400A56CB0 = {
						CreatedOnToolsVersion = 8.3.1;
						ProvisioningStyle = Automatic;
					};
				};
			};
			buildConfigurationList = 14E006F51DF01A820056CBEF /* Build configuration list for PBXProject "LogSwift" */;
			compatibilityVersion = "Xcode 3.2";
			developmentRegion = English;
			hasScannedForEncodings = 0;
			knownRegions = (
				en,
			);
			mainGroup = 14E006F11DF01A820056CBEF;
			productRefGroup = 14E006FC1DF01A820056CBEF /* Products */;
			projectDirPath = "";
			projectRoot = "";
			targets = (
				14E006FA1DF01A820056CBEF /* LogSwiftForiOS */,
				84C664851E98E2A400A56CB0 /* LogSwiftforiOSTests */,
				844A66F71DF07B6700E4E123 /* LogSwiftForOSX */,
				14E007031DF01A830056CBEF /* LogSwiftForOSXTests */,
			);
		};
/* End PBXProject section */

/* Begin PBXResourcesBuildPhase section */
		14E006F91DF01A820056CBEF /* Resources */ = {
			isa = PBXResourcesBuildPhase;
			buildActionMask = 2147483647;
			files = (
				844A66F01DF06F7E00E4E123 /* InfoForiOS.plist in Resources */,
				14E0073F1DF01F2E0056CBEF /* LogSwift.podspec in Resources */,
				84B945F021C1134A00D187D4 /* Podfile in Resources */,
			);
			runOnlyForDeploymentPostprocessing = 0;
		};
		14E007021DF01A830056CBEF /* Resources */ = {
			isa = PBXResourcesBuildPhase;
			buildActionMask = 2147483647;
			files = (
			);
			runOnlyForDeploymentPostprocessing = 0;
		};
		844A67041DF07B6700E4E123 /* Resources */ = {
			isa = PBXResourcesBuildPhase;
			buildActionMask = 2147483647;
			files = (
				844A67051DF07B6700E4E123 /* InfoForiOS.plist in Resources */,
				844A67061DF07B6700E4E123 /* LogSwift.podspec in Resources */,
			);
			runOnlyForDeploymentPostprocessing = 0;
		};
		84C664841E98E2A400A56CB0 /* Resources */ = {
			isa = PBXResourcesBuildPhase;
			buildActionMask = 2147483647;
			files = (
			);
			runOnlyForDeploymentPostprocessing = 0;
		};
/* End PBXResourcesBuildPhase section */

/* Begin PBXShellScriptBuildPhase section */
		4AEBCC0EE96AEF9389F16971 /* [CP] Check Pods Manifest.lock */ = {
			isa = PBXShellScriptBuildPhase;
			buildActionMask = 2147483647;
			files = (
			);
			inputPaths = (
				"${PODS_PODFILE_DIR_PATH}/Podfile.lock",
				"${PODS_ROOT}/Manifest.lock",
			);
			name = "[CP] Check Pods Manifest.lock";
			outputPaths = (
				"$(DERIVED_FILE_DIR)/Pods-LogSwiftForOSXTests-checkManifestLockResult.txt",
			);
			runOnlyForDeploymentPostprocessing = 0;
			shellPath = /bin/sh;
			shellScript = "diff \"${PODS_PODFILE_DIR_PATH}/Podfile.lock\" \"${PODS_ROOT}/Manifest.lock\" > /dev/null\nif [ $? != 0 ] ; then\n    # print error to STDERR\n    echo \"error: The sandbox is not in sync with the Podfile.lock. Run 'pod install' or update your CocoaPods installation.\" >&2\n    exit 1\nfi\n# This output is used by Xcode 'outputs' to avoid re-running this script phase.\necho \"SUCCESS\" > \"${SCRIPT_OUTPUT_FILE_0}\"\n";
			showEnvVarsInLog = 0;
		};
		59677BA83F88963E5F6621FC /* [CP] Check Pods Manifest.lock */ = {
			isa = PBXShellScriptBuildPhase;
			buildActionMask = 2147483647;
			files = (
			);
			inputPaths = (
				"${PODS_PODFILE_DIR_PATH}/Podfile.lock",
				"${PODS_ROOT}/Manifest.lock",
			);
			name = "[CP] Check Pods Manifest.lock";
			outputPaths = (
				"$(DERIVED_FILE_DIR)/Pods-LogSwiftforiOSTests-checkManifestLockResult.txt",
			);
			runOnlyForDeploymentPostprocessing = 0;
			shellPath = /bin/sh;
			shellScript = "diff \"${PODS_PODFILE_DIR_PATH}/Podfile.lock\" \"${PODS_ROOT}/Manifest.lock\" > /dev/null\nif [ $? != 0 ] ; then\n    # print error to STDERR\n    echo \"error: The sandbox is not in sync with the Podfile.lock. Run 'pod install' or update your CocoaPods installation.\" >&2\n    exit 1\nfi\n# This output is used by Xcode 'outputs' to avoid re-running this script phase.\necho \"SUCCESS\" > \"${SCRIPT_OUTPUT_FILE_0}\"\n";
			showEnvVarsInLog = 0;
		};
		6302829AAE8D429F66141D59 /* [CP] Embed Pods Frameworks */ = {
			isa = PBXShellScriptBuildPhase;
			buildActionMask = 2147483647;
			files = (
			);
			inputPaths = (
				"${SRCROOT}/Pods/Target Support Files/Pods-LogSwiftForOSXTests/Pods-LogSwiftForOSXTests-frameworks.sh",
				"${BUILT_PRODUCTS_DIR}/RNCryptor-macOS/RNCryptor.framework",
			);
			name = "[CP] Embed Pods Frameworks";
			outputPaths = (
				"${TARGET_BUILD_DIR}/${FRAMEWORKS_FOLDER_PATH}/RNCryptor.framework",
			);
			runOnlyForDeploymentPostprocessing = 0;
			shellPath = /bin/sh;
			shellScript = "\"${SRCROOT}/Pods/Target Support Files/Pods-LogSwiftForOSXTests/Pods-LogSwiftForOSXTests-frameworks.sh\"\n";
			showEnvVarsInLog = 0;
		};
		8298525A0F8EAC22E11AD265 /* [CP] Embed Pods Frameworks */ = {
			isa = PBXShellScriptBuildPhase;
			buildActionMask = 2147483647;
			files = (
			);
			inputPaths = (
				"${SRCROOT}/Pods/Target Support Files/Pods-LogSwiftforiOSTests/Pods-LogSwiftforiOSTests-frameworks.sh",
				"${BUILT_PRODUCTS_DIR}/RNCryptor-iOS/RNCryptor.framework",
			);
			name = "[CP] Embed Pods Frameworks";
			outputPaths = (
				"${TARGET_BUILD_DIR}/${FRAMEWORKS_FOLDER_PATH}/RNCryptor.framework",
			);
			runOnlyForDeploymentPostprocessing = 0;
			shellPath = /bin/sh;
			shellScript = "\"${SRCROOT}/Pods/Target Support Files/Pods-LogSwiftforiOSTests/Pods-LogSwiftforiOSTests-frameworks.sh\"\n";
			showEnvVarsInLog = 0;
		};
		8F4A5A6F20F289EB7E8263C0 /* [CP] Check Pods Manifest.lock */ = {
			isa = PBXShellScriptBuildPhase;
			buildActionMask = 2147483647;
			files = (
			);
			inputPaths = (
				"${PODS_PODFILE_DIR_PATH}/Podfile.lock",
				"${PODS_ROOT}/Manifest.lock",
			);
			name = "[CP] Check Pods Manifest.lock";
			outputPaths = (
				"$(DERIVED_FILE_DIR)/Pods-LogSwiftForiOS-checkManifestLockResult.txt",
			);
			runOnlyForDeploymentPostprocessing = 0;
			shellPath = /bin/sh;
			shellScript = "diff \"${PODS_PODFILE_DIR_PATH}/Podfile.lock\" \"${PODS_ROOT}/Manifest.lock\" > /dev/null\nif [ $? != 0 ] ; then\n    # print error to STDERR\n    echo \"error: The sandbox is not in sync with the Podfile.lock. Run 'pod install' or update your CocoaPods installation.\" >&2\n    exit 1\nfi\n# This output is used by Xcode 'outputs' to avoid re-running this script phase.\necho \"SUCCESS\" > \"${SCRIPT_OUTPUT_FILE_0}\"\n";
			showEnvVarsInLog = 0;
		};
		DE0BCECE9FA2BED84A223DB2 /* [CP] Check Pods Manifest.lock */ = {
			isa = PBXShellScriptBuildPhase;
			buildActionMask = 2147483647;
			files = (
			);
			inputPaths = (
				"${PODS_PODFILE_DIR_PATH}/Podfile.lock",
				"${PODS_ROOT}/Manifest.lock",
			);
			name = "[CP] Check Pods Manifest.lock";
			outputPaths = (
				"$(DERIVED_FILE_DIR)/Pods-LogSwiftForOSX-checkManifestLockResult.txt",
			);
			runOnlyForDeploymentPostprocessing = 0;
			shellPath = /bin/sh;
			shellScript = "diff \"${PODS_PODFILE_DIR_PATH}/Podfile.lock\" \"${PODS_ROOT}/Manifest.lock\" > /dev/null\nif [ $? != 0 ] ; then\n    # print error to STDERR\n    echo \"error: The sandbox is not in sync with the Podfile.lock. Run 'pod install' or update your CocoaPods installation.\" >&2\n    exit 1\nfi\n# This output is used by Xcode 'outputs' to avoid re-running this script phase.\necho \"SUCCESS\" > \"${SCRIPT_OUTPUT_FILE_0}\"\n";
			showEnvVarsInLog = 0;
		};
/* End PBXShellScriptBuildPhase section */

/* Begin PBXSourcesBuildPhase section */
		14E006F61DF01A820056CBEF /* Sources */ = {
			isa = PBXSourcesBuildPhase;
			buildActionMask = 2147483647;
			files = (
				14E007381DF01E940056CBEF /* PbbEnum.swift in Sources */,
				14E007391DF01E940056CBEF /* PBBLogModel.swift in Sources */,
				14E0073C1DF01E940056CBEF /* ConvertToDictionary.swift in Sources */,
				14E0073B1DF01E940056CBEF /* PBBLogClient.swift in Sources */,
				14E0073A1DF01E940056CBEF /* PBBLogAPI.swift in Sources */,
				14E0073D1DF01E940056CBEF /* DeviceUtil.swift in Sources */,
			);
			runOnlyForDeploymentPostprocessing = 0;
		};
		14E007001DF01A830056CBEF /* Sources */ = {
			isa = PBXSourcesBuildPhase;
			buildActionMask = 2147483647;
			files = (
				1483B7EE1E825A5A009D8C42 /* PBBLogSDKTests.swift in Sources */,
				844A66F11DF0731700E4E123 /* LogSwiftTests.swift in Sources */,
				144B8E1E1E978F9B009969E8 /* DeviceInfoTest.swift in Sources */,
			);
			runOnlyForDeploymentPostprocessing = 0;
		};
		844A66F91DF07B6700E4E123 /* Sources */ = {
			isa = PBXSourcesBuildPhase;
			buildActionMask = 2147483647;
			files = (
				84EDDB8A1E9926AD00EB5564 /* DeviceXMLParser.swift in Sources */,
				844A66FA1DF07B6700E4E123 /* PbbEnum.swift in Sources */,
				84EDDB881E99261E00EB5564 /* IOUSBDetector.swift in Sources */,
				844A66FB1DF07B6700E4E123 /* PBBLogModel.swift in Sources */,
				844A66FC1DF07B6700E4E123 /* ConvertToDictionary.swift in Sources */,
				844A66FD1DF07B6700E4E123 /* PBBLogClient.swift in Sources */,
				844A66FE1DF07B6700E4E123 /* PBBLogAPI.swift in Sources */,
				844A66FF1DF07B6700E4E123 /* DeviceUtil.swift in Sources */,
			);
			runOnlyForDeploymentPostprocessing = 0;
		};
		84C664821E98E2A400A56CB0 /* Sources */ = {
			isa = PBXSourcesBuildPhase;
			buildActionMask = 2147483647;
			files = (
				84C664891E98E2A400A56CB0 /* LogSwiftforiOSTests.swift in Sources */,
			);
			runOnlyForDeploymentPostprocessing = 0;
		};
/* End PBXSourcesBuildPhase section */

/* Begin PBXTargetDependency section */
		84C6648D1E98E2A400A56CB0 /* PBXTargetDependency */ = {
			isa = PBXTargetDependency;
			target = 14E006FA1DF01A820056CBEF /* LogSwiftForiOS */;
			targetProxy = 84C6648C1E98E2A400A56CB0 /* PBXContainerItemProxy */;
		};
		84EDDB851E99006000EB5564 /* PBXTargetDependency */ = {
			isa = PBXTargetDependency;
			target = 844A66F71DF07B6700E4E123 /* LogSwiftForOSX */;
			targetProxy = 84EDDB841E99006000EB5564 /* PBXContainerItemProxy */;
		};
/* End PBXTargetDependency section */

/* Begin XCBuildConfiguration section */
		14E0070D1DF01A830056CBEF /* Debug */ = {
			isa = XCBuildConfiguration;
			buildSettings = {
				ALWAYS_SEARCH_USER_PATHS = NO;
				CLANG_ANALYZER_NONNULL = YES;
				CLANG_CXX_LANGUAGE_STANDARD = "gnu++0x";
				CLANG_CXX_LIBRARY = "libc++";
				CLANG_ENABLE_MODULES = YES;
				CLANG_ENABLE_OBJC_ARC = YES;
				CLANG_WARN_BOOL_CONVERSION = YES;
				CLANG_WARN_CONSTANT_CONVERSION = YES;
				CLANG_WARN_DIRECT_OBJC_ISA_USAGE = YES_ERROR;
				CLANG_WARN_DOCUMENTATION_COMMENTS = YES;
				CLANG_WARN_EMPTY_BODY = YES;
				CLANG_WARN_ENUM_CONVERSION = YES;
				CLANG_WARN_INFINITE_RECURSION = YES;
				CLANG_WARN_INT_CONVERSION = YES;
				CLANG_WARN_OBJC_ROOT_CLASS = YES_ERROR;
				CLANG_WARN_SUSPICIOUS_MOVES = YES;
				CLANG_WARN_UNREACHABLE_CODE = YES;
				CLANG_WARN__DUPLICATE_METHOD_MATCH = YES;
				"CODE_SIGN_IDENTITY[sdk=iphoneos*]" = "iPhone Developer";
				COPY_PHASE_STRIP = NO;
				CURRENT_PROJECT_VERSION = 1;
				DEBUG_INFORMATION_FORMAT = dwarf;
				ENABLE_STRICT_OBJC_MSGSEND = YES;
				ENABLE_TESTABILITY = YES;
				GCC_C_LANGUAGE_STANDARD = gnu99;
				GCC_DYNAMIC_NO_PIC = NO;
				GCC_NO_COMMON_BLOCKS = YES;
				GCC_OPTIMIZATION_LEVEL = 0;
				GCC_PREPROCESSOR_DEFINITIONS = (
					"DEBUG=1",
					"$(inherited)",
				);
				GCC_WARN_64_TO_32_BIT_CONVERSION = YES;
				GCC_WARN_ABOUT_RETURN_TYPE = YES_ERROR;
				GCC_WARN_UNDECLARED_SELECTOR = YES;
				GCC_WARN_UNINITIALIZED_AUTOS = YES_AGGRESSIVE;
				GCC_WARN_UNUSED_FUNCTION = YES;
				GCC_WARN_UNUSED_VARIABLE = YES;
				INFOPLIST_FILE = LogSwift/Info.plist;
				IPHONEOS_DEPLOYMENT_TARGET = 10.1;
				MTL_ENABLE_DEBUG_INFO = YES;
				ONLY_ACTIVE_ARCH = YES;
				SDKROOT = macosx;
				SWIFT_ACTIVE_COMPILATION_CONDITIONS = DEBUG;
				SWIFT_OPTIMIZATION_LEVEL = "-Onone";
				TARGETED_DEVICE_FAMILY = "1,2";
				VERSIONING_SYSTEM = "apple-generic";
				VERSION_INFO_PREFIX = "";
			};
			name = Debug;
		};
		14E0070E1DF01A830056CBEF /* Release */ = {
			isa = XCBuildConfiguration;
			buildSettings = {
				ALWAYS_SEARCH_USER_PATHS = NO;
				CLANG_ANALYZER_NONNULL = YES;
				CLANG_CXX_LANGUAGE_STANDARD = "gnu++0x";
				CLANG_CXX_LIBRARY = "libc++";
				CLANG_ENABLE_MODULES = YES;
				CLANG_ENABLE_OBJC_ARC = YES;
				CLANG_WARN_BOOL_CONVERSION = YES;
				CLANG_WARN_CONSTANT_CONVERSION = YES;
				CLANG_WARN_DIRECT_OBJC_ISA_USAGE = YES_ERROR;
				CLANG_WARN_DOCUMENTATION_COMMENTS = YES;
				CLANG_WARN_EMPTY_BODY = YES;
				CLANG_WARN_ENUM_CONVERSION = YES;
				CLANG_WARN_INFINITE_RECURSION = YES;
				CLANG_WARN_INT_CONVERSION = YES;
				CLANG_WARN_OBJC_ROOT_CLASS = YES_ERROR;
				CLANG_WARN_SUSPICIOUS_MOVES = YES;
				CLANG_WARN_UNREACHABLE_CODE = YES;
				CLANG_WARN__DUPLICATE_METHOD_MATCH = YES;
				"CODE_SIGN_IDENTITY[sdk=iphoneos*]" = "iPhone Developer";
				COPY_PHASE_STRIP = NO;
				CURRENT_PROJECT_VERSION = 1;
				DEBUG_INFORMATION_FORMAT = "dwarf-with-dsym";
				ENABLE_NS_ASSERTIONS = NO;
				ENABLE_STRICT_OBJC_MSGSEND = YES;
				GCC_C_LANGUAGE_STANDARD = gnu99;
				GCC_NO_COMMON_BLOCKS = YES;
				GCC_WARN_64_TO_32_BIT_CONVERSION = YES;
				GCC_WARN_ABOUT_RETURN_TYPE = YES_ERROR;
				GCC_WARN_UNDECLARED_SELECTOR = YES;
				GCC_WARN_UNINITIALIZED_AUTOS = YES_AGGRESSIVE;
				GCC_WARN_UNUSED_FUNCTION = YES;
				GCC_WARN_UNUSED_VARIABLE = YES;
				INFOPLIST_FILE = LogSwift/Info.plist;
				IPHONEOS_DEPLOYMENT_TARGET = 10.1;
				MTL_ENABLE_DEBUG_INFO = NO;
				SDKROOT = macosx;
				SWIFT_OPTIMIZATION_LEVEL = "-Owholemodule";
				TARGETED_DEVICE_FAMILY = "1,2";
				VALIDATE_PRODUCT = YES;
				VERSIONING_SYSTEM = "apple-generic";
				VERSION_INFO_PREFIX = "";
			};
			name = Release;
		};
		14E007101DF01A830056CBEF /* Debug */ = {
			isa = XCBuildConfiguration;
			baseConfigurationReference = 894D8CD1D32EB4C504923D71 /* Pods-LogSwiftForiOS.debug.xcconfig */;
			buildSettings = {
				CLANG_ENABLE_MODULES = YES;
				CODE_SIGN_IDENTITY = "";
				DEFINES_MODULE = YES;
				DEVELOPMENT_TEAM = FA78T6VRG8;
				DYLIB_COMPATIBILITY_VERSION = 1;
				DYLIB_CURRENT_VERSION = 1;
				DYLIB_INSTALL_NAME_BASE = "@rpath";
				INFOPLIST_FILE = LogSwift/InfoForiOS.plist;
				INSTALL_PATH = "$(LOCAL_LIBRARY_DIR)/Frameworks";
				LD_RUNPATH_SEARCH_PATHS = "$(inherited) @executable_path/Frameworks @loader_path/Frameworks";
				MACOSX_DEPLOYMENT_TARGET = 10.9;
				PRODUCT_BUNDLE_IDENTIFIER = pyc.com.cn.LogSwift;
				PRODUCT_NAME = "$(TARGET_NAME)";
				SDKROOT = iphoneos;
				SKIP_INSTALL = YES;
				SWIFT_OPTIMIZATION_LEVEL = "-Onone";
				SWIFT_VERSION = 3.0;
			};
			name = Debug;
		};
		14E007111DF01A830056CBEF /* Release */ = {
			isa = XCBuildConfiguration;
			baseConfigurationReference = 0A9A87C71220BE3CDA033696 /* Pods-LogSwiftForiOS.release.xcconfig */;
			buildSettings = {
				CLANG_ENABLE_MODULES = YES;
				CODE_SIGN_IDENTITY = "";
				DEFINES_MODULE = YES;
				DEVELOPMENT_TEAM = FA78T6VRG8;
				DYLIB_COMPATIBILITY_VERSION = 1;
				DYLIB_CURRENT_VERSION = 1;
				DYLIB_INSTALL_NAME_BASE = "@rpath";
				INFOPLIST_FILE = LogSwift/InfoForiOS.plist;
				INSTALL_PATH = "$(LOCAL_LIBRARY_DIR)/Frameworks";
				LD_RUNPATH_SEARCH_PATHS = "$(inherited) @executable_path/Frameworks @loader_path/Frameworks";
				MACOSX_DEPLOYMENT_TARGET = 10.9;
				PRODUCT_BUNDLE_IDENTIFIER = pyc.com.cn.LogSwift;
				PRODUCT_NAME = "$(TARGET_NAME)";
				SDKROOT = iphoneos;
				SKIP_INSTALL = YES;
				SWIFT_VERSION = 3.0;
			};
			name = Release;
		};
		14E007131DF01A830056CBEF /* Debug */ = {
			isa = XCBuildConfiguration;
			baseConfigurationReference = D3D5F3C9E47657F1F6734EF3 /* Pods-LogSwiftForOSXTests.debug.xcconfig */;
			buildSettings = {
				ALWAYS_EMBED_SWIFT_STANDARD_LIBRARIES = YES;
				COMBINE_HIDPI_IMAGES = YES;
				DEVELOPMENT_TEAM = FA78T6VRG8;
				DYLIB_INSTALL_NAME_BASE = "";
				INFOPLIST_FILE = LogSwiftTests/Info.plist;
				LD_DYLIB_INSTALL_NAME = "";
				LD_RUNPATH_SEARCH_PATHS = "@loader_path/../Frameworks";
				PRODUCT_BUNDLE_IDENTIFIER = pyc.com.cn.LogSwiftTests;
				PRODUCT_NAME = "$(TARGET_NAME)";
				SWIFT_VERSION = 3.0;
			};
			name = Debug;
		};
		14E007141DF01A830056CBEF /* Release */ = {
			isa = XCBuildConfiguration;
			baseConfigurationReference = 8ACBFDE0A6B841F646D0654F /* Pods-LogSwiftForOSXTests.release.xcconfig */;
			buildSettings = {
				ALWAYS_EMBED_SWIFT_STANDARD_LIBRARIES = YES;
				COMBINE_HIDPI_IMAGES = YES;
				DEVELOPMENT_TEAM = FA78T6VRG8;
				DYLIB_INSTALL_NAME_BASE = "";
				INFOPLIST_FILE = LogSwiftTests/Info.plist;
				LD_DYLIB_INSTALL_NAME = "";
				LD_RUNPATH_SEARCH_PATHS = "@loader_path/../Frameworks";
				PRODUCT_BUNDLE_IDENTIFIER = pyc.com.cn.LogSwiftTests;
				PRODUCT_NAME = "$(TARGET_NAME)";
				SWIFT_VERSION = 3.0;
			};
			name = Release;
		};
		844A670A1DF07B6700E4E123 /* Debug */ = {
			isa = XCBuildConfiguration;
			baseConfigurationReference = 8ED16CBDB09E0087535FEE0E /* Pods-LogSwiftForOSX.debug.xcconfig */;
			buildSettings = {
				CLANG_ENABLE_MODULES = YES;
				CODE_SIGN_IDENTITY = "";
				DEFINES_MODULE = YES;
				DEVELOPMENT_TEAM = FA78T6VRG8;
				DYLIB_COMPATIBILITY_VERSION = 1;
				DYLIB_CURRENT_VERSION = 1;
				DYLIB_INSTALL_NAME_BASE = "@rpath";
				FRAMEWORK_SEARCH_PATHS = "$(inherited)";
				INFOPLIST_FILE = InfoForOSX.plist;
				INSTALL_PATH = "$(LOCAL_LIBRARY_DIR)/Frameworks";
				LD_RUNPATH_SEARCH_PATHS = "$(inherited)";
				MACOSX_DEPLOYMENT_TARGET = 10.9;
				PRODUCT_BUNDLE_IDENTIFIER = pyc.com.cn.LogSwift;
				PRODUCT_NAME = "$(TARGET_NAME)";
				SKIP_INSTALL = YES;
				SWIFT_OPTIMIZATION_LEVEL = "-Onone";
				SWIFT_VERSION = 3.0;
			};
			name = Debug;
		};
		844A670B1DF07B6700E4E123 /* Release */ = {
			isa = XCBuildConfiguration;
			baseConfigurationReference = 7923084CE42E91CF25275DB0 /* Pods-LogSwiftForOSX.release.xcconfig */;
			buildSettings = {
				CLANG_ENABLE_MODULES = YES;
				CODE_SIGN_IDENTITY = "";
				DEFINES_MODULE = YES;
				DEVELOPMENT_TEAM = FA78T6VRG8;
				DYLIB_COMPATIBILITY_VERSION = 1;
				DYLIB_CURRENT_VERSION = 1;
				DYLIB_INSTALL_NAME_BASE = "@rpath";
				FRAMEWORK_SEARCH_PATHS = "$(inherited)";
				INFOPLIST_FILE = InfoForOSX.plist;
				INSTALL_PATH = "$(LOCAL_LIBRARY_DIR)/Frameworks";
				LD_RUNPATH_SEARCH_PATHS = "$(inherited)";
				MACOSX_DEPLOYMENT_TARGET = 10.9;
				PRODUCT_BUNDLE_IDENTIFIER = pyc.com.cn.LogSwift;
				PRODUCT_NAME = "$(TARGET_NAME)";
				SKIP_INSTALL = YES;
				SWIFT_VERSION = 3.0;
			};
			name = Release;
		};
		84C6648F1E98E2A400A56CB0 /* Debug */ = {
			isa = XCBuildConfiguration;
			baseConfigurationReference = E16FB8EC3E7D97FF5611B732 /* Pods-LogSwiftforiOSTests.debug.xcconfig */;
			buildSettings = {
				CLANG_ANALYZER_NUMBER_OBJECT_CONVERSION = YES_AGGRESSIVE;
				CLANG_WARN_SUSPICIOUS_MOVE = YES;
				INFOPLIST_FILE = LogSwiftforiOSTests/Info.plist;
				IPHONEOS_DEPLOYMENT_TARGET = 10.3;
				LD_RUNPATH_SEARCH_PATHS = "$(inherited)";
				PRODUCT_BUNDLE_IDENTIFIER = com.Layer.Animations.LogSwiftforiOSTests;
				PRODUCT_NAME = "$(TARGET_NAME)";
				SDKROOT = iphoneos;
				SWIFT_VERSION = 3.0;
			};
			name = Debug;
		};
		84C664901E98E2A400A56CB0 /* Release */ = {
			isa = XCBuildConfiguration;
			baseConfigurationReference = 9128A7A3F54E69BAECB2AD77 /* Pods-LogSwiftforiOSTests.release.xcconfig */;
			buildSettings = {
				CLANG_ANALYZER_NUMBER_OBJECT_CONVERSION = YES_AGGRESSIVE;
				CLANG_WARN_SUSPICIOUS_MOVE = YES;
				INFOPLIST_FILE = LogSwiftforiOSTests/Info.plist;
				IPHONEOS_DEPLOYMENT_TARGET = 10.3;
				LD_RUNPATH_SEARCH_PATHS = "$(inherited)";
				PRODUCT_BUNDLE_IDENTIFIER = com.Layer.Animations.LogSwiftforiOSTests;
				PRODUCT_NAME = "$(TARGET_NAME)";
				SDKROOT = iphoneos;
				SWIFT_VERSION = 3.0;
			};
			name = Release;
		};
/* End XCBuildConfiguration section */

/* Begin XCConfigurationList section */
		14E006F51DF01A820056CBEF /* Build configuration list for PBXProject "LogSwift" */ = {
			isa = XCConfigurationList;
			buildConfigurations = (
				14E0070D1DF01A830056CBEF /* Debug */,
				14E0070E1DF01A830056CBEF /* Release */,
			);
			defaultConfigurationIsVisible = 0;
			defaultConfigurationName = Release;
		};
		14E0070F1DF01A830056CBEF /* Build configuration list for PBXNativeTarget "LogSwiftForiOS" */ = {
			isa = XCConfigurationList;
			buildConfigurations = (
				14E007101DF01A830056CBEF /* Debug */,
				14E007111DF01A830056CBEF /* Release */,
			);
			defaultConfigurationIsVisible = 0;
			defaultConfigurationName = Release;
		};
		14E007121DF01A830056CBEF /* Build configuration list for PBXNativeTarget "LogSwiftForOSXTests" */ = {
			isa = XCConfigurationList;
			buildConfigurations = (
				14E007131DF01A830056CBEF /* Debug */,
				14E007141DF01A830056CBEF /* Release */,
			);
			defaultConfigurationIsVisible = 0;
			defaultConfigurationName = Release;
		};
		844A67091DF07B6700E4E123 /* Build configuration list for PBXNativeTarget "LogSwiftForOSX" */ = {
			isa = XCConfigurationList;
			buildConfigurations = (
				844A670A1DF07B6700E4E123 /* Debug */,
				844A670B1DF07B6700E4E123 /* Release */,
			);
			defaultConfigurationIsVisible = 0;
			defaultConfigurationName = Release;
		};
		84C6648E1E98E2A400A56CB0 /* Build configuration list for PBXNativeTarget "LogSwiftforiOSTests" */ = {
			isa = XCConfigurationList;
			buildConfigurations = (
				84C6648F1E98E2A400A56CB0 /* Debug */,
				84C664901E98E2A400A56CB0 /* Release */,
			);
			defaultConfigurationIsVisible = 0;
			defaultConfigurationName = Release;
		};
/* End XCConfigurationList section */
	};
	rootObject = 14E006F21DF01A820056CBEF /* Project object */;
}
